Microsoft Visual Studio Solution File, Format Version 8.00
Project("{FAE04EC0-301F-11D3-BF4B-00C04F79EFBC}") = "efICSharpZLibWrapper", "efICSharpZLibWrapper.csproj", "{DE6F48D6-FC93-46CB-B196-63BA16E7515E}"
	ProjectSection(ProjectDependencies) = postProject
	EndProjectSection
EndProject
Global
	GlobalSection(SolutionConfiguration) = preSolution
		Debug = Debug
		Release = Release
	EndGlobalSection
	GlobalSection(ProjectConfiguration) = postSolution
		{DE6F48D6-FC93-46CB-B196-63BA16E7515E}.Debug.ActiveCfg = Debug|.NET
		{DE6F48D6-FC93-46CB-B196-63BA16E7515E}.Debug.Build.0 = Debug|.NET
		{DE6F48D6-FC93-46CB-B196-63BA16E7515E}.Release.ActiveCfg = Release|.NET
		{DE6F48D6-FC93-46CB-B196-63BA16E7515E}.Release.Build.0 = Release|.NET
	EndGlobalSection
	GlobalSection(ExtensibilityGlobals) = postSolution
	EndGlobalSection
	GlobalSection(ExtensibilityAddIns) = postSolution
	EndGlobalSection
EndGlobal
