Microsoft Visual Studio Solution File, Format Version 11.00
# Visual Studio 2010
Project("{FAE04EC0-301F-11D3-BF4B-00C04F79EFBC}") = "efICSharpZLibWrapper", "efICSharpZLibWrapper.csproj", "{DE6F48D6-FC93-46CB-B196-63BA16E7515E}"
EndProject
Global
	GlobalSection(SolutionConfigurationPlatforms) = preSolution
		Debug|Any CPU = Debug|Any CPU
		Release|Any CPU = Release|Any CPU
	EndGlobalSection
	GlobalSection(ProjectConfigurationPlatforms) = postSolution
		{DE6F48D6-FC93-46CB-B196-63BA16E7515E}.Debug|Any CPU.ActiveCfg = Debug|Any CPU
		{DE6F48D6-FC93-46CB-B196-63BA16E7515E}.Debug|Any CPU.Build.0 = Debug|Any CPU
		{DE6F48D6-FC93-46CB-B196-63BA16E7515E}.Release|Any CPU.ActiveCfg = Release|Any CPU
		{DE6F48D6-FC93-46CB-B196-63BA16E7515E}.Release|Any CPU.Build.0 = Release|Any CPU
	EndGlobalSection
	GlobalSection(SolutionProperties) = preSolution
		HideSolutionNode = FALSE
	EndGlobalSection
EndGlobal
