Microsoft Visual Studio Solution File, Format Version 8.00
Project("{FAE04EC0-301F-11D3-BF4B-00C04F79EFBC}") = "efMail", "efMail.csproj", "{27094AE1-5384-474A-B65C-0D65AA6812FF}"
	ProjectSection(ProjectDependencies) = postProject
	EndProjectSection
EndProject
Global
	GlobalSection(SolutionConfiguration) = preSolution
		Debug = Debug
		Release = Release
	EndGlobalSection
	GlobalSection(ProjectConfiguration) = postSolution
		{27094AE1-5384-474A-B65C-0D65AA6812FF}.Debug.ActiveCfg = Debug|.NET
		{27094AE1-5384-474A-B65C-0D65AA6812FF}.Debug.Build.0 = Debug|.NET
		{27094AE1-5384-474A-B65C-0D65AA6812FF}.Release.ActiveCfg = Release|.NET
		{27094AE1-5384-474A-B65C-0D65AA6812FF}.Release.Build.0 = Release|.NET
	EndGlobalSection
	GlobalSection(ExtensibilityGlobals) = postSolution
	EndGlobalSection
	GlobalSection(ExtensibilityAddIns) = postSolution
	EndGlobalSection
EndGlobal
