Microsoft Visual Studio Solution File, Format Version 8.00
Project("{FAE04EC0-301F-11D3-BF4B-00C04F79EFBC}") = "efWebApp", "http://localhost/ef/efWebApp.csproj", "{7810A125-DDD5-43A0-A47A-C27F9F750B71}"
	ProjectSection(ProjectDependencies) = postProject
	EndProjectSection
EndProject
Global
	GlobalSection(SolutionConfiguration) = preSolution
		Debug = Debug
		Release = Release
	EndGlobalSection
	GlobalSection(ProjectConfiguration) = postSolution
		{7810A125-DDD5-43A0-A47A-C27F9F750B71}.Debug.ActiveCfg = Debug|.NET
		{7810A125-DDD5-43A0-A47A-C27F9F750B71}.Debug.Build.0 = Debug|.NET
		{7810A125-DDD5-43A0-A47A-C27F9F750B71}.Release.ActiveCfg = Release|.NET
		{7810A125-DDD5-43A0-A47A-C27F9F750B71}.Release.Build.0 = Release|.NET
	EndGlobalSection
	GlobalSection(ExtensibilityGlobals) = postSolution
	EndGlobalSection
	GlobalSection(ExtensibilityAddIns) = postSolution
	EndGlobalSection
EndGlobal
