Microsoft Visual Studio Solution File, Format Version 11.00
# Visual Studio 2010
Project("{FAE04EC0-301F-11D3-BF4B-00C04F79EFBC}") = "efMail", "efMail.csproj", "{27094AE1-5384-474A-B65C-0D65AA6812FF}"
EndProject
Global
	GlobalSection(SolutionConfigurationPlatforms) = preSolution
		Debug|Any CPU = Debug|Any CPU
		Release|Any CPU = Release|Any CPU
	EndGlobalSection
	GlobalSection(ProjectConfigurationPlatforms) = postSolution
		{27094AE1-5384-474A-B65C-0D65AA6812FF}.Debug|Any CPU.ActiveCfg = Debug|Any CPU
		{27094AE1-5384-474A-B65C-0D65AA6812FF}.Debug|Any CPU.Build.0 = Debug|Any CPU
		{27094AE1-5384-474A-B65C-0D65AA6812FF}.Release|Any CPU.ActiveCfg = Release|Any CPU
		{27094AE1-5384-474A-B65C-0D65AA6812FF}.Release|Any CPU.Build.0 = Release|Any CPU
	EndGlobalSection
	GlobalSection(SolutionProperties) = preSolution
		HideSolutionNode = FALSE
	EndGlobalSection
EndGlobal
