Microsoft Visual Studio Solution File, Format Version 8.00
Project("{FAE04EC0-301F-11D3-BF4B-00C04F79EFBC}") = "efSecurity", "efSecurity.csproj", "{3B9CA648-02BA-44DC-869D-E16745831195}"
	ProjectSection(ProjectDependencies) = postProject
	EndProjectSection
EndProject
Global
	GlobalSection(SolutionConfiguration) = preSolution
		Debug = Debug
		Release = Release
	EndGlobalSection
	GlobalSection(ProjectConfiguration) = postSolution
		{3B9CA648-02BA-44DC-869D-E16745831195}.Debug.ActiveCfg = Debug|.NET
		{3B9CA648-02BA-44DC-869D-E16745831195}.Debug.Build.0 = Debug|.NET
		{3B9CA648-02BA-44DC-869D-E16745831195}.Release.ActiveCfg = Release|.NET
		{3B9CA648-02BA-44DC-869D-E16745831195}.Release.Build.0 = Release|.NET
	EndGlobalSection
	GlobalSection(ExtensibilityGlobals) = postSolution
	EndGlobalSection
	GlobalSection(ExtensibilityAddIns) = postSolution
	EndGlobalSection
EndGlobal
