Microsoft Visual Studio Solution File, Format Version 11.00
# Visual Studio 2010
Project("{FAE04EC0-301F-11D3-BF4B-00C04F79EFBC}") = "efHTMLRenderer", "efHTMLRenderer.csproj", "{06DB707B-394D-4C63-9B8A-524B6CC36DE1}"
EndProject
Global
	GlobalSection(SolutionConfigurationPlatforms) = preSolution
		Debug|Any CPU = Debug|Any CPU
		Release|Any CPU = Release|Any CPU
		Surveymanager|Any CPU = Surveymanager|Any CPU
	EndGlobalSection
	GlobalSection(ProjectConfigurationPlatforms) = postSolution
		{06DB707B-394D-4C63-9B8A-524B6CC36DE1}.Debug|Any CPU.ActiveCfg = Debug|Any CPU
		{06DB707B-394D-4C63-9B8A-524B6CC36DE1}.Debug|Any CPU.Build.0 = Debug|Any CPU
		{06DB707B-394D-4C63-9B8A-524B6CC36DE1}.Release|Any CPU.ActiveCfg = Release|Any CPU
		{06DB707B-394D-4C63-9B8A-524B6CC36DE1}.Release|Any CPU.Build.0 = Release|Any CPU
		{06DB707B-394D-4C63-9B8A-524B6CC36DE1}.Surveymanager|Any CPU.ActiveCfg = Surveymanager|Any CPU
		{06DB707B-394D-4C63-9B8A-524B6CC36DE1}.Surveymanager|Any CPU.Build.0 = Surveymanager|Any CPU
	EndGlobalSection
	GlobalSection(SolutionProperties) = preSolution
		HideSolutionNode = FALSE
	EndGlobalSection
EndGlobal
