Microsoft Visual Studio Solution File, Format Version 11.00
# Visual Studio 2010
Project("{FAE04EC0-301F-11D3-BF4B-00C04F79EFBC}") = "efSqlTools", "efSqlTools.csproj", "{F67A4B07-AC77-4E01-8879-7B1D649E0842}"
EndProject
Global
	GlobalSection(SolutionConfigurationPlatforms) = preSolution
		Debug|Any CPU = Debug|Any CPU
		Release|Any CPU = Release|Any CPU
	EndGlobalSection
	GlobalSection(ProjectConfigurationPlatforms) = postSolution
		{F67A4B07-AC77-4E01-8879-7B1D649E0842}.Debug|Any CPU.ActiveCfg = Debug|Any CPU
		{F67A4B07-AC77-4E01-8879-7B1D649E0842}.Debug|Any CPU.Build.0 = Debug|Any CPU
		{F67A4B07-AC77-4E01-8879-7B1D649E0842}.Release|Any CPU.ActiveCfg = Release|Any CPU
		{F67A4B07-AC77-4E01-8879-7B1D649E0842}.Release|Any CPU.Build.0 = Release|Any CPU
	EndGlobalSection
	GlobalSection(SolutionProperties) = preSolution
		HideSolutionNode = FALSE
	EndGlobalSection
EndGlobal
