Microsoft Visual Studio Solution File, Format Version 8.00
Project("{FAE04EC0-301F-11D3-BF4B-00C04F79EFBC}") = "MathML.Rendering", "MathML.Rendering.csproj", "{9C220420-1046-4117-9343-FF8D7A988327}"
	ProjectSection(ProjectDependencies) = postProject
	EndProjectSection
EndProject
Global
	GlobalSection(SolutionConfiguration) = preSolution
		Debug = Debug
		Release = Release
	EndGlobalSection
	GlobalSection(ProjectConfiguration) = postSolution
		{9C220420-1046-4117-9343-FF8D7A988327}.Debug.ActiveCfg = Debug|.NET
		{9C220420-1046-4117-9343-FF8D7A988327}.Debug.Build.0 = Debug|.NET
		{9C220420-1046-4117-9343-FF8D7A988327}.Release.ActiveCfg = Release|.NET
		{9C220420-1046-4117-9343-FF8D7A988327}.Release.Build.0 = Release|.NET
	EndGlobalSection
	GlobalSection(ExtensibilityGlobals) = postSolution
	EndGlobalSection
	GlobalSection(ExtensibilityAddIns) = postSolution
	EndGlobalSection
EndGlobal
