
Microsoft Visual Studio Solution File, Format Version 11.00
# Visual Studio 2010
Project("{2150E333-8FDC-42A3-9474-1A3956D46DE8}") = "Sys", "Sys", "{873D23E4-9BB2-43FC-8F70-2806B0DBFAA8}"
EndProject
Project("{2150E333-8FDC-42A3-9474-1A3956D46DE8}") = "Tasks", "Tasks", "{B08A6173-9134-4A97-8B96-7E878373E523}"
EndProject
Project("{2150E333-8FDC-42A3-9474-1A3956D46DE8}") = "Frontend", "Frontend", "{337D3051-7E6F-4F21-B73C-FCD5FFC6797D}"
EndProject
Project("{2150E333-8FDC-42A3-9474-1A3956D46DE8}") = "Addons", "Addons", "{38AF93EB-6232-463D-93CE-F0BE6EFE4B9F}"
EndProject
Project("{FAE04EC0-301F-11D3-BF4B-00C04F79EFBC}") = "efAutoDBUpdate", "Sys\efAutoDBUpdate\efAutoDBUpdate.csproj", "{16F64D2A-67F7-4DE8-91E1-E095ACB5CD5B}"
EndProject
Project("{FAE04EC0-301F-11D3-BF4B-00C04F79EFBC}") = "efCachedFile", "Sys\efCachedFile\efCachedFile.csproj", "{0543177B-BF4C-4206-A044-687D0464AEA0}"
EndProject
Project("{FAE04EC0-301F-11D3-BF4B-00C04F79EFBC}") = "efClientInfo", "Sys\efClientInfo\efClientInfo.csproj", "{B454AA9F-9B37-431D-8665-5F8B5146FDCB}"
EndProject
Project("{FAE04EC0-301F-11D3-BF4B-00C04F79EFBC}") = "efData", "Sys\efData\efData.csproj", "{65C8E88A-BF30-47AA-A077-41BDF7B94CA7}"
EndProject
Project("{FAE04EC0-301F-11D3-BF4B-00C04F79EFBC}") = "efDataClientInfo", "Sys\efDataClientInfo\efDataClientInfo.csproj", "{4B6B75CA-480B-4927-841F-7833546C6364}"
EndProject
Project("{FAE04EC0-301F-11D3-BF4B-00C04F79EFBC}") = "efDirectoryWatcher", "Sys\efDirectoryWatcher\efDirectoryWatcher.csproj", "{313ED8A5-44C1-422C-8876-760976C0ABFC}"
EndProject
Project("{FAE04EC0-301F-11D3-BF4B-00C04F79EFBC}") = "efDomains", "Sys\efDomains\efDomains.csproj", "{21C2CC4E-E53E-4B64-BF19-0E5B332B1356}"
EndProject
Project("{FAE04EC0-301F-11D3-BF4B-00C04F79EFBC}") = "efEntities", "Sys\efEntities\efEntities.csproj", "{A4D83A04-35B0-488E-83EC-4460047ACCE5}"
EndProject
Project("{FAE04EC0-301F-11D3-BF4B-00C04F79EFBC}") = "efHelpSystem", "Sys\efHelpSystem\efHelpSystem.csproj", "{5032CF36-DD1F-4B1C-A47D-B8BC78D66B6B}"
EndProject
Project("{FAE04EC0-301F-11D3-BF4B-00C04F79EFBC}") = "efInterfaces", "Sys\efInterfaces\efInterfaces.csproj", "{18A2A3BE-684D-4480-AE65-471BA211A582}"
EndProject
Project("{FAE04EC0-301F-11D3-BF4B-00C04F79EFBC}") = "efRecordset", "Sys\efRecordset\efRecordset.csproj", "{A0B3AAE6-E1CD-4866-B8DB-AF7C61B0F517}"
EndProject
Project("{FAE04EC0-301F-11D3-BF4B-00C04F79EFBC}") = "efSecurity", "Sys\efSecurity\efSecurity.csproj", "{3B9CA648-02BA-44DC-869D-E16745831195}"
EndProject
Project("{FAE04EC0-301F-11D3-BF4B-00C04F79EFBC}") = "efSqlTools", "Sys\efSqlTools\efSqlTools.csproj", "{F67A4B07-AC77-4E01-8879-7B1D649E0842}"
EndProject
Project("{FAE04EC0-301F-11D3-BF4B-00C04F79EFBC}") = "efSysEvents", "Sys\efSysEvents\efSysEvents.csproj", "{FAA92B77-DFAB-4138-9EDB-D037144677A7}"
EndProject
Project("{FAE04EC0-301F-11D3-BF4B-00C04F79EFBC}") = "efTableDef", "Sys\efTableDef\efTableDef.csproj", "{A919EDC2-709E-4356-BF53-AC8B091087F7}"
EndProject
Project("{FAE04EC0-301F-11D3-BF4B-00C04F79EFBC}") = "efTableDefCached", "Sys\efTableDefCached\efTableDefCached.csproj", "{11F8A1FE-5EBB-4492-A825-BF418A377E46}"
EndProject
Project("{FAE04EC0-301F-11D3-BF4B-00C04F79EFBC}") = "efToolLib", "Sys\efToolLib\efToolLib.csproj", "{E79C5AE2-8B9E-4781-98E7-6D8E4AC2C0E1}"
EndProject
Project("{FAE04EC0-301F-11D3-BF4B-00C04F79EFBC}") = "efXml", "Sys\efXml\efXml.csproj", "{01006A9C-384E-4A86-A2A1-24D798B3F02E}"
EndProject
Project("{FAE04EC0-301F-11D3-BF4B-00C04F79EFBC}") = "efICSharpZLibWrapper", "AddOns\efICSharpZLibWrapper\efICSharpZLibWrapper.csproj", "{DE6F48D6-FC93-46CB-B196-63BA16E7515E}"
EndProject
Project("{FAE04EC0-301F-11D3-BF4B-00C04F79EFBC}") = "efOfficeTalk", "AddOns\efOfficeTalk\efOfficeTalk.csproj", "{3D670A5A-9505-4A78-97D5-50FBAC812A3B}"
EndProject
Project("{FAE04EC0-301F-11D3-BF4B-00C04F79EFBC}") = "efMathMLWrapper", "AddOns\MathML\efMathMLWrapper\efMathMLWrapper.csproj", "{26E35A86-40FD-4C34-95B2-576917DDEB92}"
EndProject
Project("{FAE04EC0-301F-11D3-BF4B-00C04F79EFBC}") = "efDistribution", "Tasks\efDistribution\efDistribution.csproj", "{A9758B86-992F-49E8-97AE-A574D1FDAD0B}"
EndProject
Project("{FAE04EC0-301F-11D3-BF4B-00C04F79EFBC}") = "efAspTools", "Frontend\ASP\efAspTools\efAspTools.csproj", "{08EB78AF-0E23-466D-A5D8-2DDF635CF79C}"
EndProject
Project("{FAE04EC0-301F-11D3-BF4B-00C04F79EFBC}") = "efCache", "Frontend\ASP\efCache\efCache.csproj", "{B4FB3F70-273A-4AA6-A01B-655C0F354534}"
EndProject
Project("{FAE04EC0-301F-11D3-BF4B-00C04F79EFBC}") = "efConfig", "Frontend\ASP\efConfig\efConfig.csproj", "{15E04F4C-DDD0-4712-812B-826EAA4CD1F2}"
EndProject
Project("{FAE04EC0-301F-11D3-BF4B-00C04F79EFBC}") = "efEntityLoader", "Frontend\ASP\efEntityLoader\efEntityLoader.csproj", "{1C0429D4-6497-47EC-9A67-2F8D57ECFBFF}"
EndProject
Global
	GlobalSection(SolutionConfigurationPlatforms) = preSolution
		Adoptionlist|Any CPU = Adoptionlist|Any CPU
		Debug|Any CPU = Debug|Any CPU
		PSVM|Any CPU = PSVM|Any CPU
		Release|Any CPU = Release|Any CPU
		Surveymanager|Any CPU = Surveymanager|Any CPU
	EndGlobalSection
	GlobalSection(ProjectConfigurationPlatforms) = postSolution
		{16F64D2A-67F7-4DE8-91E1-E095ACB5CD5B}.Adoptionlist|Any CPU.ActiveCfg = Release|Any CPU
		{16F64D2A-67F7-4DE8-91E1-E095ACB5CD5B}.Adoptionlist|Any CPU.Build.0 = Release|Any CPU
		{16F64D2A-67F7-4DE8-91E1-E095ACB5CD5B}.Debug|Any CPU.ActiveCfg = Debug|Any CPU
		{16F64D2A-67F7-4DE8-91E1-E095ACB5CD5B}.Debug|Any CPU.Build.0 = Debug|Any CPU
		{16F64D2A-67F7-4DE8-91E1-E095ACB5CD5B}.PSVM|Any CPU.ActiveCfg = Release|Any CPU
		{16F64D2A-67F7-4DE8-91E1-E095ACB5CD5B}.PSVM|Any CPU.Build.0 = Release|Any CPU
		{16F64D2A-67F7-4DE8-91E1-E095ACB5CD5B}.Release|Any CPU.ActiveCfg = Release|Any CPU
		{16F64D2A-67F7-4DE8-91E1-E095ACB5CD5B}.Release|Any CPU.Build.0 = Release|Any CPU
		{16F64D2A-67F7-4DE8-91E1-E095ACB5CD5B}.Surveymanager|Any CPU.ActiveCfg = Release|Any CPU
		{16F64D2A-67F7-4DE8-91E1-E095ACB5CD5B}.Surveymanager|Any CPU.Build.0 = Release|Any CPU
		{0543177B-BF4C-4206-A044-687D0464AEA0}.Adoptionlist|Any CPU.ActiveCfg = Release|Any CPU
		{0543177B-BF4C-4206-A044-687D0464AEA0}.Adoptionlist|Any CPU.Build.0 = Release|Any CPU
		{0543177B-BF4C-4206-A044-687D0464AEA0}.Debug|Any CPU.ActiveCfg = Debug|Any CPU
		{0543177B-BF4C-4206-A044-687D0464AEA0}.Debug|Any CPU.Build.0 = Debug|Any CPU
		{0543177B-BF4C-4206-A044-687D0464AEA0}.PSVM|Any CPU.ActiveCfg = Release|Any CPU
		{0543177B-BF4C-4206-A044-687D0464AEA0}.PSVM|Any CPU.Build.0 = Release|Any CPU
		{0543177B-BF4C-4206-A044-687D0464AEA0}.Release|Any CPU.ActiveCfg = Release|Any CPU
		{0543177B-BF4C-4206-A044-687D0464AEA0}.Release|Any CPU.Build.0 = Release|Any CPU
		{0543177B-BF4C-4206-A044-687D0464AEA0}.Surveymanager|Any CPU.ActiveCfg = Release|Any CPU
		{0543177B-BF4C-4206-A044-687D0464AEA0}.Surveymanager|Any CPU.Build.0 = Release|Any CPU
		{B454AA9F-9B37-431D-8665-5F8B5146FDCB}.Adoptionlist|Any CPU.ActiveCfg = Release|Any CPU
		{B454AA9F-9B37-431D-8665-5F8B5146FDCB}.Adoptionlist|Any CPU.Build.0 = Release|Any CPU
		{B454AA9F-9B37-431D-8665-5F8B5146FDCB}.Debug|Any CPU.ActiveCfg = Debug|Any CPU
		{B454AA9F-9B37-431D-8665-5F8B5146FDCB}.Debug|Any CPU.Build.0 = Debug|Any CPU
		{B454AA9F-9B37-431D-8665-5F8B5146FDCB}.PSVM|Any CPU.ActiveCfg = Release|Any CPU
		{B454AA9F-9B37-431D-8665-5F8B5146FDCB}.PSVM|Any CPU.Build.0 = Release|Any CPU
		{B454AA9F-9B37-431D-8665-5F8B5146FDCB}.Release|Any CPU.ActiveCfg = Release|Any CPU
		{B454AA9F-9B37-431D-8665-5F8B5146FDCB}.Release|Any CPU.Build.0 = Release|Any CPU
		{B454AA9F-9B37-431D-8665-5F8B5146FDCB}.Surveymanager|Any CPU.ActiveCfg = Release|Any CPU
		{B454AA9F-9B37-431D-8665-5F8B5146FDCB}.Surveymanager|Any CPU.Build.0 = Release|Any CPU
		{65C8E88A-BF30-47AA-A077-41BDF7B94CA7}.Adoptionlist|Any CPU.ActiveCfg = Adoptionlist|Any CPU
		{65C8E88A-BF30-47AA-A077-41BDF7B94CA7}.Adoptionlist|Any CPU.Build.0 = Adoptionlist|Any CPU
		{65C8E88A-BF30-47AA-A077-41BDF7B94CA7}.Debug|Any CPU.ActiveCfg = Debug|Any CPU
		{65C8E88A-BF30-47AA-A077-41BDF7B94CA7}.Debug|Any CPU.Build.0 = Debug|Any CPU
		{65C8E88A-BF30-47AA-A077-41BDF7B94CA7}.PSVM|Any CPU.ActiveCfg = Adoptionlist|Any CPU
		{65C8E88A-BF30-47AA-A077-41BDF7B94CA7}.PSVM|Any CPU.Build.0 = Adoptionlist|Any CPU
		{65C8E88A-BF30-47AA-A077-41BDF7B94CA7}.Release|Any CPU.ActiveCfg = Release|Any CPU
		{65C8E88A-BF30-47AA-A077-41BDF7B94CA7}.Release|Any CPU.Build.0 = Release|Any CPU
		{65C8E88A-BF30-47AA-A077-41BDF7B94CA7}.Surveymanager|Any CPU.ActiveCfg = Surveymanager|Any CPU
		{65C8E88A-BF30-47AA-A077-41BDF7B94CA7}.Surveymanager|Any CPU.Build.0 = Surveymanager|Any CPU
		{4B6B75CA-480B-4927-841F-7833546C6364}.Adoptionlist|Any CPU.ActiveCfg = SurveyManagerNET|Any CPU
		{4B6B75CA-480B-4927-841F-7833546C6364}.Adoptionlist|Any CPU.Build.0 = SurveyManagerNET|Any CPU
		{4B6B75CA-480B-4927-841F-7833546C6364}.Debug|Any CPU.ActiveCfg = Debug|Any CPU
		{4B6B75CA-480B-4927-841F-7833546C6364}.Debug|Any CPU.Build.0 = Debug|Any CPU
		{4B6B75CA-480B-4927-841F-7833546C6364}.PSVM|Any CPU.ActiveCfg = SurveyManagerNET|Any CPU
		{4B6B75CA-480B-4927-841F-7833546C6364}.PSVM|Any CPU.Build.0 = SurveyManagerNET|Any CPU
		{4B6B75CA-480B-4927-841F-7833546C6364}.Release|Any CPU.ActiveCfg = Release|Any CPU
		{4B6B75CA-480B-4927-841F-7833546C6364}.Release|Any CPU.Build.0 = Release|Any CPU
		{4B6B75CA-480B-4927-841F-7833546C6364}.Surveymanager|Any CPU.ActiveCfg = SurveyManagerNET|Any CPU
		{4B6B75CA-480B-4927-841F-7833546C6364}.Surveymanager|Any CPU.Build.0 = SurveyManagerNET|Any CPU
		{313ED8A5-44C1-422C-8876-760976C0ABFC}.Adoptionlist|Any CPU.ActiveCfg = Release|Any CPU
		{313ED8A5-44C1-422C-8876-760976C0ABFC}.Adoptionlist|Any CPU.Build.0 = Release|Any CPU
		{313ED8A5-44C1-422C-8876-760976C0ABFC}.Debug|Any CPU.ActiveCfg = Debug|Any CPU
		{313ED8A5-44C1-422C-8876-760976C0ABFC}.Debug|Any CPU.Build.0 = Debug|Any CPU
		{313ED8A5-44C1-422C-8876-760976C0ABFC}.PSVM|Any CPU.ActiveCfg = Release|Any CPU
		{313ED8A5-44C1-422C-8876-760976C0ABFC}.PSVM|Any CPU.Build.0 = Release|Any CPU
		{313ED8A5-44C1-422C-8876-760976C0ABFC}.Release|Any CPU.ActiveCfg = Release|Any CPU
		{313ED8A5-44C1-422C-8876-760976C0ABFC}.Release|Any CPU.Build.0 = Release|Any CPU
		{313ED8A5-44C1-422C-8876-760976C0ABFC}.Surveymanager|Any CPU.ActiveCfg = Release|Any CPU
		{313ED8A5-44C1-422C-8876-760976C0ABFC}.Surveymanager|Any CPU.Build.0 = Release|Any CPU
		{21C2CC4E-E53E-4B64-BF19-0E5B332B1356}.Adoptionlist|Any CPU.ActiveCfg = Release|Any CPU
		{21C2CC4E-E53E-4B64-BF19-0E5B332B1356}.Adoptionlist|Any CPU.Build.0 = Release|Any CPU
		{21C2CC4E-E53E-4B64-BF19-0E5B332B1356}.Debug|Any CPU.ActiveCfg = Debug|Any CPU
		{21C2CC4E-E53E-4B64-BF19-0E5B332B1356}.Debug|Any CPU.Build.0 = Debug|Any CPU
		{21C2CC4E-E53E-4B64-BF19-0E5B332B1356}.PSVM|Any CPU.ActiveCfg = Release|Any CPU
		{21C2CC4E-E53E-4B64-BF19-0E5B332B1356}.PSVM|Any CPU.Build.0 = Release|Any CPU
		{21C2CC4E-E53E-4B64-BF19-0E5B332B1356}.Release|Any CPU.ActiveCfg = Release|Any CPU
		{21C2CC4E-E53E-4B64-BF19-0E5B332B1356}.Release|Any CPU.Build.0 = Release|Any CPU
		{21C2CC4E-E53E-4B64-BF19-0E5B332B1356}.Surveymanager|Any CPU.ActiveCfg = Release|Any CPU
		{21C2CC4E-E53E-4B64-BF19-0E5B332B1356}.Surveymanager|Any CPU.Build.0 = Release|Any CPU
		{A4D83A04-35B0-488E-83EC-4460047ACCE5}.Adoptionlist|Any CPU.ActiveCfg = AdoptionList|Any CPU
		{A4D83A04-35B0-488E-83EC-4460047ACCE5}.Adoptionlist|Any CPU.Build.0 = AdoptionList|Any CPU
		{A4D83A04-35B0-488E-83EC-4460047ACCE5}.Debug|Any CPU.ActiveCfg = Debug|Any CPU
		{A4D83A04-35B0-488E-83EC-4460047ACCE5}.Debug|Any CPU.Build.0 = Debug|Any CPU
		{A4D83A04-35B0-488E-83EC-4460047ACCE5}.PSVM|Any CPU.ActiveCfg = SurveymanagerNET|Any CPU
		{A4D83A04-35B0-488E-83EC-4460047ACCE5}.PSVM|Any CPU.Build.0 = SurveymanagerNET|Any CPU
		{A4D83A04-35B0-488E-83EC-4460047ACCE5}.Release|Any CPU.ActiveCfg = Release|Any CPU
		{A4D83A04-35B0-488E-83EC-4460047ACCE5}.Release|Any CPU.Build.0 = Release|Any CPU
		{A4D83A04-35B0-488E-83EC-4460047ACCE5}.Surveymanager|Any CPU.ActiveCfg = SurveymanagerNET|Any CPU
		{A4D83A04-35B0-488E-83EC-4460047ACCE5}.Surveymanager|Any CPU.Build.0 = SurveymanagerNET|Any CPU
		{5032CF36-DD1F-4B1C-A47D-B8BC78D66B6B}.Adoptionlist|Any CPU.ActiveCfg = Release|Any CPU
		{5032CF36-DD1F-4B1C-A47D-B8BC78D66B6B}.Adoptionlist|Any CPU.Build.0 = Release|Any CPU
		{5032CF36-DD1F-4B1C-A47D-B8BC78D66B6B}.Debug|Any CPU.ActiveCfg = Debug|Any CPU
		{5032CF36-DD1F-4B1C-A47D-B8BC78D66B6B}.Debug|Any CPU.Build.0 = Debug|Any CPU
		{5032CF36-DD1F-4B1C-A47D-B8BC78D66B6B}.PSVM|Any CPU.ActiveCfg = Release|Any CPU
		{5032CF36-DD1F-4B1C-A47D-B8BC78D66B6B}.PSVM|Any CPU.Build.0 = Release|Any CPU
		{5032CF36-DD1F-4B1C-A47D-B8BC78D66B6B}.Release|Any CPU.ActiveCfg = Release|Any CPU
		{5032CF36-DD1F-4B1C-A47D-B8BC78D66B6B}.Release|Any CPU.Build.0 = Release|Any CPU
		{5032CF36-DD1F-4B1C-A47D-B8BC78D66B6B}.Surveymanager|Any CPU.ActiveCfg = Release|Any CPU
		{5032CF36-DD1F-4B1C-A47D-B8BC78D66B6B}.Surveymanager|Any CPU.Build.0 = Release|Any CPU
		{18A2A3BE-684D-4480-AE65-471BA211A582}.Adoptionlist|Any CPU.ActiveCfg = Release|Any CPU
		{18A2A3BE-684D-4480-AE65-471BA211A582}.Adoptionlist|Any CPU.Build.0 = Release|Any CPU
		{18A2A3BE-684D-4480-AE65-471BA211A582}.Debug|Any CPU.ActiveCfg = Debug|Any CPU
		{18A2A3BE-684D-4480-AE65-471BA211A582}.Debug|Any CPU.Build.0 = Debug|Any CPU
		{18A2A3BE-684D-4480-AE65-471BA211A582}.PSVM|Any CPU.ActiveCfg = Release|Any CPU
		{18A2A3BE-684D-4480-AE65-471BA211A582}.PSVM|Any CPU.Build.0 = Release|Any CPU
		{18A2A3BE-684D-4480-AE65-471BA211A582}.Release|Any CPU.ActiveCfg = Release|Any CPU
		{18A2A3BE-684D-4480-AE65-471BA211A582}.Release|Any CPU.Build.0 = Release|Any CPU
		{18A2A3BE-684D-4480-AE65-471BA211A582}.Surveymanager|Any CPU.ActiveCfg = Debug|Any CPU
		{18A2A3BE-684D-4480-AE65-471BA211A582}.Surveymanager|Any CPU.Build.0 = Debug|Any CPU
		{A0B3AAE6-E1CD-4866-B8DB-AF7C61B0F517}.Adoptionlist|Any CPU.ActiveCfg = SurveyManagerNET|Any CPU
		{A0B3AAE6-E1CD-4866-B8DB-AF7C61B0F517}.Adoptionlist|Any CPU.Build.0 = SurveyManagerNET|Any CPU
		{A0B3AAE6-E1CD-4866-B8DB-AF7C61B0F517}.Debug|Any CPU.ActiveCfg = Debug|Any CPU
		{A0B3AAE6-E1CD-4866-B8DB-AF7C61B0F517}.Debug|Any CPU.Build.0 = Debug|Any CPU
		{A0B3AAE6-E1CD-4866-B8DB-AF7C61B0F517}.PSVM|Any CPU.ActiveCfg = SurveyManagerNET|Any CPU
		{A0B3AAE6-E1CD-4866-B8DB-AF7C61B0F517}.PSVM|Any CPU.Build.0 = SurveyManagerNET|Any CPU
		{A0B3AAE6-E1CD-4866-B8DB-AF7C61B0F517}.Release|Any CPU.ActiveCfg = Release|Any CPU
		{A0B3AAE6-E1CD-4866-B8DB-AF7C61B0F517}.Release|Any CPU.Build.0 = Release|Any CPU
		{A0B3AAE6-E1CD-4866-B8DB-AF7C61B0F517}.Surveymanager|Any CPU.ActiveCfg = SurveyManagerNET|Any CPU
		{A0B3AAE6-E1CD-4866-B8DB-AF7C61B0F517}.Surveymanager|Any CPU.Build.0 = SurveyManagerNET|Any CPU
		{3B9CA648-02BA-44DC-869D-E16745831195}.Adoptionlist|Any CPU.ActiveCfg = Release|Any CPU
		{3B9CA648-02BA-44DC-869D-E16745831195}.Adoptionlist|Any CPU.Build.0 = Release|Any CPU
		{3B9CA648-02BA-44DC-869D-E16745831195}.Debug|Any CPU.ActiveCfg = Debug|Any CPU
		{3B9CA648-02BA-44DC-869D-E16745831195}.Debug|Any CPU.Build.0 = Debug|Any CPU
		{3B9CA648-02BA-44DC-869D-E16745831195}.PSVM|Any CPU.ActiveCfg = Release|Any CPU
		{3B9CA648-02BA-44DC-869D-E16745831195}.PSVM|Any CPU.Build.0 = Release|Any CPU
		{3B9CA648-02BA-44DC-869D-E16745831195}.Release|Any CPU.ActiveCfg = Release|Any CPU
		{3B9CA648-02BA-44DC-869D-E16745831195}.Release|Any CPU.Build.0 = Release|Any CPU
		{3B9CA648-02BA-44DC-869D-E16745831195}.Surveymanager|Any CPU.ActiveCfg = Release|Any CPU
		{3B9CA648-02BA-44DC-869D-E16745831195}.Surveymanager|Any CPU.Build.0 = Release|Any CPU
		{F67A4B07-AC77-4E01-8879-7B1D649E0842}.Adoptionlist|Any CPU.ActiveCfg = Release|Any CPU
		{F67A4B07-AC77-4E01-8879-7B1D649E0842}.Adoptionlist|Any CPU.Build.0 = Release|Any CPU
		{F67A4B07-AC77-4E01-8879-7B1D649E0842}.Debug|Any CPU.ActiveCfg = Debug|Any CPU
		{F67A4B07-AC77-4E01-8879-7B1D649E0842}.Debug|Any CPU.Build.0 = Debug|Any CPU
		{F67A4B07-AC77-4E01-8879-7B1D649E0842}.PSVM|Any CPU.ActiveCfg = Release|Any CPU
		{F67A4B07-AC77-4E01-8879-7B1D649E0842}.PSVM|Any CPU.Build.0 = Release|Any CPU
		{F67A4B07-AC77-4E01-8879-7B1D649E0842}.Release|Any CPU.ActiveCfg = Release|Any CPU
		{F67A4B07-AC77-4E01-8879-7B1D649E0842}.Release|Any CPU.Build.0 = Release|Any CPU
		{F67A4B07-AC77-4E01-8879-7B1D649E0842}.Surveymanager|Any CPU.ActiveCfg = Release|Any CPU
		{F67A4B07-AC77-4E01-8879-7B1D649E0842}.Surveymanager|Any CPU.Build.0 = Release|Any CPU
		{FAA92B77-DFAB-4138-9EDB-D037144677A7}.Adoptionlist|Any CPU.ActiveCfg = Release|Any CPU
		{FAA92B77-DFAB-4138-9EDB-D037144677A7}.Adoptionlist|Any CPU.Build.0 = Release|Any CPU
		{FAA92B77-DFAB-4138-9EDB-D037144677A7}.Debug|Any CPU.ActiveCfg = Debug|Any CPU
		{FAA92B77-DFAB-4138-9EDB-D037144677A7}.Debug|Any CPU.Build.0 = Debug|Any CPU
		{FAA92B77-DFAB-4138-9EDB-D037144677A7}.PSVM|Any CPU.ActiveCfg = Release|Any CPU
		{FAA92B77-DFAB-4138-9EDB-D037144677A7}.PSVM|Any CPU.Build.0 = Release|Any CPU
		{FAA92B77-DFAB-4138-9EDB-D037144677A7}.Release|Any CPU.ActiveCfg = Release|Any CPU
		{FAA92B77-DFAB-4138-9EDB-D037144677A7}.Release|Any CPU.Build.0 = Release|Any CPU
		{FAA92B77-DFAB-4138-9EDB-D037144677A7}.Surveymanager|Any CPU.ActiveCfg = Release|Any CPU
		{FAA92B77-DFAB-4138-9EDB-D037144677A7}.Surveymanager|Any CPU.Build.0 = Release|Any CPU
		{A919EDC2-709E-4356-BF53-AC8B091087F7}.Adoptionlist|Any CPU.ActiveCfg = Adoptionlist|Any CPU
		{A919EDC2-709E-4356-BF53-AC8B091087F7}.Adoptionlist|Any CPU.Build.0 = Adoptionlist|Any CPU
		{A919EDC2-709E-4356-BF53-AC8B091087F7}.Debug|Any CPU.ActiveCfg = Debug|Any CPU
		{A919EDC2-709E-4356-BF53-AC8B091087F7}.Debug|Any CPU.Build.0 = Debug|Any CPU
		{A919EDC2-709E-4356-BF53-AC8B091087F7}.PSVM|Any CPU.ActiveCfg = Adoptionlist|Any CPU
		{A919EDC2-709E-4356-BF53-AC8B091087F7}.PSVM|Any CPU.Build.0 = Adoptionlist|Any CPU
		{A919EDC2-709E-4356-BF53-AC8B091087F7}.Release|Any CPU.ActiveCfg = Release|Any CPU
		{A919EDC2-709E-4356-BF53-AC8B091087F7}.Release|Any CPU.Build.0 = Release|Any CPU
		{A919EDC2-709E-4356-BF53-AC8B091087F7}.Surveymanager|Any CPU.ActiveCfg = Adoptionlist|Any CPU
		{A919EDC2-709E-4356-BF53-AC8B091087F7}.Surveymanager|Any CPU.Build.0 = Adoptionlist|Any CPU
		{11F8A1FE-5EBB-4492-A825-BF418A377E46}.Adoptionlist|Any CPU.ActiveCfg = Release|Any CPU
		{11F8A1FE-5EBB-4492-A825-BF418A377E46}.Adoptionlist|Any CPU.Build.0 = Release|Any CPU
		{11F8A1FE-5EBB-4492-A825-BF418A377E46}.Debug|Any CPU.ActiveCfg = Debug|Any CPU
		{11F8A1FE-5EBB-4492-A825-BF418A377E46}.Debug|Any CPU.Build.0 = Debug|Any CPU
		{11F8A1FE-5EBB-4492-A825-BF418A377E46}.PSVM|Any CPU.ActiveCfg = Release|Any CPU
		{11F8A1FE-5EBB-4492-A825-BF418A377E46}.PSVM|Any CPU.Build.0 = Release|Any CPU
		{11F8A1FE-5EBB-4492-A825-BF418A377E46}.Release|Any CPU.ActiveCfg = Release|Any CPU
		{11F8A1FE-5EBB-4492-A825-BF418A377E46}.Release|Any CPU.Build.0 = Release|Any CPU
		{11F8A1FE-5EBB-4492-A825-BF418A377E46}.Surveymanager|Any CPU.ActiveCfg = Release|Any CPU
		{11F8A1FE-5EBB-4492-A825-BF418A377E46}.Surveymanager|Any CPU.Build.0 = Release|Any CPU
		{E79C5AE2-8B9E-4781-98E7-6D8E4AC2C0E1}.Adoptionlist|Any CPU.ActiveCfg = Adoptionlist|Any CPU
		{E79C5AE2-8B9E-4781-98E7-6D8E4AC2C0E1}.Adoptionlist|Any CPU.Build.0 = Adoptionlist|Any CPU
		{E79C5AE2-8B9E-4781-98E7-6D8E4AC2C0E1}.Debug|Any CPU.ActiveCfg = Debug|Any CPU
		{E79C5AE2-8B9E-4781-98E7-6D8E4AC2C0E1}.Debug|Any CPU.Build.0 = Debug|Any CPU
		{E79C5AE2-8B9E-4781-98E7-6D8E4AC2C0E1}.PSVM|Any CPU.ActiveCfg = SurveyManagerNET|Any CPU
		{E79C5AE2-8B9E-4781-98E7-6D8E4AC2C0E1}.PSVM|Any CPU.Build.0 = SurveyManagerNET|Any CPU
		{E79C5AE2-8B9E-4781-98E7-6D8E4AC2C0E1}.Release|Any CPU.ActiveCfg = Release|Any CPU
		{E79C5AE2-8B9E-4781-98E7-6D8E4AC2C0E1}.Release|Any CPU.Build.0 = Release|Any CPU
		{E79C5AE2-8B9E-4781-98E7-6D8E4AC2C0E1}.Surveymanager|Any CPU.ActiveCfg = SurveyManagerNET|Any CPU
		{E79C5AE2-8B9E-4781-98E7-6D8E4AC2C0E1}.Surveymanager|Any CPU.Build.0 = SurveyManagerNET|Any CPU
		{01006A9C-384E-4A86-A2A1-24D798B3F02E}.Adoptionlist|Any CPU.ActiveCfg = Release|Any CPU
		{01006A9C-384E-4A86-A2A1-24D798B3F02E}.Adoptionlist|Any CPU.Build.0 = Release|Any CPU
		{01006A9C-384E-4A86-A2A1-24D798B3F02E}.Debug|Any CPU.ActiveCfg = Debug|Any CPU
		{01006A9C-384E-4A86-A2A1-24D798B3F02E}.Debug|Any CPU.Build.0 = Debug|Any CPU
		{01006A9C-384E-4A86-A2A1-24D798B3F02E}.PSVM|Any CPU.ActiveCfg = Release|Any CPU
		{01006A9C-384E-4A86-A2A1-24D798B3F02E}.PSVM|Any CPU.Build.0 = Release|Any CPU
		{01006A9C-384E-4A86-A2A1-24D798B3F02E}.Release|Any CPU.ActiveCfg = Release|Any CPU
		{01006A9C-384E-4A86-A2A1-24D798B3F02E}.Release|Any CPU.Build.0 = Release|Any CPU
		{01006A9C-384E-4A86-A2A1-24D798B3F02E}.Surveymanager|Any CPU.ActiveCfg = Release|Any CPU
		{01006A9C-384E-4A86-A2A1-24D798B3F02E}.Surveymanager|Any CPU.Build.0 = Release|Any CPU
		{DE6F48D6-FC93-46CB-B196-63BA16E7515E}.Adoptionlist|Any CPU.ActiveCfg = Release|Any CPU
		{DE6F48D6-FC93-46CB-B196-63BA16E7515E}.Adoptionlist|Any CPU.Build.0 = Release|Any CPU
		{DE6F48D6-FC93-46CB-B196-63BA16E7515E}.Debug|Any CPU.ActiveCfg = Debug|Any CPU
		{DE6F48D6-FC93-46CB-B196-63BA16E7515E}.Debug|Any CPU.Build.0 = Debug|Any CPU
		{DE6F48D6-FC93-46CB-B196-63BA16E7515E}.PSVM|Any CPU.ActiveCfg = Release|Any CPU
		{DE6F48D6-FC93-46CB-B196-63BA16E7515E}.PSVM|Any CPU.Build.0 = Release|Any CPU
		{DE6F48D6-FC93-46CB-B196-63BA16E7515E}.Release|Any CPU.ActiveCfg = Release|Any CPU
		{DE6F48D6-FC93-46CB-B196-63BA16E7515E}.Release|Any CPU.Build.0 = Release|Any CPU
		{DE6F48D6-FC93-46CB-B196-63BA16E7515E}.Surveymanager|Any CPU.ActiveCfg = Release|Any CPU
		{DE6F48D6-FC93-46CB-B196-63BA16E7515E}.Surveymanager|Any CPU.Build.0 = Release|Any CPU
		{3D670A5A-9505-4A78-97D5-50FBAC812A3B}.Adoptionlist|Any CPU.ActiveCfg = Adoptionlist|Any CPU
		{3D670A5A-9505-4A78-97D5-50FBAC812A3B}.Adoptionlist|Any CPU.Build.0 = Adoptionlist|Any CPU
		{3D670A5A-9505-4A78-97D5-50FBAC812A3B}.Debug|Any CPU.ActiveCfg = Debug|Any CPU
		{3D670A5A-9505-4A78-97D5-50FBAC812A3B}.Debug|Any CPU.Build.0 = Debug|Any CPU
		{3D670A5A-9505-4A78-97D5-50FBAC812A3B}.PSVM|Any CPU.ActiveCfg = PSVM|Any CPU
		{3D670A5A-9505-4A78-97D5-50FBAC812A3B}.PSVM|Any CPU.Build.0 = PSVM|Any CPU
		{3D670A5A-9505-4A78-97D5-50FBAC812A3B}.Release|Any CPU.ActiveCfg = Release|Any CPU
		{3D670A5A-9505-4A78-97D5-50FBAC812A3B}.Release|Any CPU.Build.0 = Release|Any CPU
		{3D670A5A-9505-4A78-97D5-50FBAC812A3B}.Surveymanager|Any CPU.ActiveCfg = PSVM|Any CPU
		{3D670A5A-9505-4A78-97D5-50FBAC812A3B}.Surveymanager|Any CPU.Build.0 = PSVM|Any CPU
		{26E35A86-40FD-4C34-95B2-576917DDEB92}.Adoptionlist|Any CPU.ActiveCfg = Release|Any CPU
		{26E35A86-40FD-4C34-95B2-576917DDEB92}.Adoptionlist|Any CPU.Build.0 = Release|Any CPU
		{26E35A86-40FD-4C34-95B2-576917DDEB92}.Debug|Any CPU.ActiveCfg = Debug|Any CPU
		{26E35A86-40FD-4C34-95B2-576917DDEB92}.Debug|Any CPU.Build.0 = Debug|Any CPU
		{26E35A86-40FD-4C34-95B2-576917DDEB92}.PSVM|Any CPU.ActiveCfg = Release|Any CPU
		{26E35A86-40FD-4C34-95B2-576917DDEB92}.PSVM|Any CPU.Build.0 = Release|Any CPU
		{26E35A86-40FD-4C34-95B2-576917DDEB92}.Release|Any CPU.ActiveCfg = Release|Any CPU
		{26E35A86-40FD-4C34-95B2-576917DDEB92}.Release|Any CPU.Build.0 = Release|Any CPU
		{26E35A86-40FD-4C34-95B2-576917DDEB92}.Surveymanager|Any CPU.ActiveCfg = Release|Any CPU
		{26E35A86-40FD-4C34-95B2-576917DDEB92}.Surveymanager|Any CPU.Build.0 = Release|Any CPU
		{A9758B86-992F-49E8-97AE-A574D1FDAD0B}.Adoptionlist|Any CPU.ActiveCfg = Release|Any CPU
		{A9758B86-992F-49E8-97AE-A574D1FDAD0B}.Adoptionlist|Any CPU.Build.0 = Release|Any CPU
		{A9758B86-992F-49E8-97AE-A574D1FDAD0B}.Debug|Any CPU.ActiveCfg = Debug|Any CPU
		{A9758B86-992F-49E8-97AE-A574D1FDAD0B}.Debug|Any CPU.Build.0 = Debug|Any CPU
		{A9758B86-992F-49E8-97AE-A574D1FDAD0B}.PSVM|Any CPU.ActiveCfg = Release|Any CPU
		{A9758B86-992F-49E8-97AE-A574D1FDAD0B}.PSVM|Any CPU.Build.0 = Release|Any CPU
		{A9758B86-992F-49E8-97AE-A574D1FDAD0B}.Release|Any CPU.ActiveCfg = Release|Any CPU
		{A9758B86-992F-49E8-97AE-A574D1FDAD0B}.Release|Any CPU.Build.0 = Release|Any CPU
		{A9758B86-992F-49E8-97AE-A574D1FDAD0B}.Surveymanager|Any CPU.ActiveCfg = Release|Any CPU
		{A9758B86-992F-49E8-97AE-A574D1FDAD0B}.Surveymanager|Any CPU.Build.0 = Release|Any CPU
		{08EB78AF-0E23-466D-A5D8-2DDF635CF79C}.Adoptionlist|Any CPU.ActiveCfg = Adoptionlist|Any CPU
		{08EB78AF-0E23-466D-A5D8-2DDF635CF79C}.Adoptionlist|Any CPU.Build.0 = Adoptionlist|Any CPU
		{08EB78AF-0E23-466D-A5D8-2DDF635CF79C}.Debug|Any CPU.ActiveCfg = Debug|Any CPU
		{08EB78AF-0E23-466D-A5D8-2DDF635CF79C}.Debug|Any CPU.Build.0 = Debug|Any CPU
		{08EB78AF-0E23-466D-A5D8-2DDF635CF79C}.PSVM|Any CPU.ActiveCfg = Adoptionlist|Any CPU
		{08EB78AF-0E23-466D-A5D8-2DDF635CF79C}.PSVM|Any CPU.Build.0 = Adoptionlist|Any CPU
		{08EB78AF-0E23-466D-A5D8-2DDF635CF79C}.Release|Any CPU.ActiveCfg = Release|Any CPU
		{08EB78AF-0E23-466D-A5D8-2DDF635CF79C}.Release|Any CPU.Build.0 = Release|Any CPU
		{08EB78AF-0E23-466D-A5D8-2DDF635CF79C}.Surveymanager|Any CPU.ActiveCfg = Surveymanager|Any CPU
		{08EB78AF-0E23-466D-A5D8-2DDF635CF79C}.Surveymanager|Any CPU.Build.0 = Surveymanager|Any CPU
		{B4FB3F70-273A-4AA6-A01B-655C0F354534}.Adoptionlist|Any CPU.ActiveCfg = Release|Any CPU
		{B4FB3F70-273A-4AA6-A01B-655C0F354534}.Adoptionlist|Any CPU.Build.0 = Release|Any CPU
		{B4FB3F70-273A-4AA6-A01B-655C0F354534}.Debug|Any CPU.ActiveCfg = Debug|Any CPU
		{B4FB3F70-273A-4AA6-A01B-655C0F354534}.Debug|Any CPU.Build.0 = Debug|Any CPU
		{B4FB3F70-273A-4AA6-A01B-655C0F354534}.PSVM|Any CPU.ActiveCfg = Release|Any CPU
		{B4FB3F70-273A-4AA6-A01B-655C0F354534}.PSVM|Any CPU.Build.0 = Release|Any CPU
		{B4FB3F70-273A-4AA6-A01B-655C0F354534}.Release|Any CPU.ActiveCfg = Release|Any CPU
		{B4FB3F70-273A-4AA6-A01B-655C0F354534}.Release|Any CPU.Build.0 = Release|Any CPU
		{B4FB3F70-273A-4AA6-A01B-655C0F354534}.Surveymanager|Any CPU.ActiveCfg = Release|Any CPU
		{B4FB3F70-273A-4AA6-A01B-655C0F354534}.Surveymanager|Any CPU.Build.0 = Release|Any CPU
		{15E04F4C-DDD0-4712-812B-826EAA4CD1F2}.Adoptionlist|Any CPU.ActiveCfg = Release|Any CPU
		{15E04F4C-DDD0-4712-812B-826EAA4CD1F2}.Adoptionlist|Any CPU.Build.0 = Release|Any CPU
		{15E04F4C-DDD0-4712-812B-826EAA4CD1F2}.Debug|Any CPU.ActiveCfg = Debug|Any CPU
		{15E04F4C-DDD0-4712-812B-826EAA4CD1F2}.Debug|Any CPU.Build.0 = Debug|Any CPU
		{15E04F4C-DDD0-4712-812B-826EAA4CD1F2}.PSVM|Any CPU.ActiveCfg = Release|Any CPU
		{15E04F4C-DDD0-4712-812B-826EAA4CD1F2}.PSVM|Any CPU.Build.0 = Release|Any CPU
		{15E04F4C-DDD0-4712-812B-826EAA4CD1F2}.Release|Any CPU.ActiveCfg = Release|Any CPU
		{15E04F4C-DDD0-4712-812B-826EAA4CD1F2}.Release|Any CPU.Build.0 = Release|Any CPU
		{15E04F4C-DDD0-4712-812B-826EAA4CD1F2}.Surveymanager|Any CPU.ActiveCfg = Release|Any CPU
		{15E04F4C-DDD0-4712-812B-826EAA4CD1F2}.Surveymanager|Any CPU.Build.0 = Release|Any CPU
		{1C0429D4-6497-47EC-9A67-2F8D57ECFBFF}.Adoptionlist|Any CPU.ActiveCfg = Release|Any CPU
		{1C0429D4-6497-47EC-9A67-2F8D57ECFBFF}.Adoptionlist|Any CPU.Build.0 = Release|Any CPU
		{1C0429D4-6497-47EC-9A67-2F8D57ECFBFF}.Debug|Any CPU.ActiveCfg = Debug|Any CPU
		{1C0429D4-6497-47EC-9A67-2F8D57ECFBFF}.Debug|Any CPU.Build.0 = Debug|Any CPU
		{1C0429D4-6497-47EC-9A67-2F8D57ECFBFF}.PSVM|Any CPU.ActiveCfg = Release|Any CPU
		{1C0429D4-6497-47EC-9A67-2F8D57ECFBFF}.PSVM|Any CPU.Build.0 = Release|Any CPU
		{1C0429D4-6497-47EC-9A67-2F8D57ECFBFF}.Release|Any CPU.ActiveCfg = Release|Any CPU
		{1C0429D4-6497-47EC-9A67-2F8D57ECFBFF}.Release|Any CPU.Build.0 = Release|Any CPU
		{1C0429D4-6497-47EC-9A67-2F8D57ECFBFF}.Surveymanager|Any CPU.ActiveCfg = Release|Any CPU
		{1C0429D4-6497-47EC-9A67-2F8D57ECFBFF}.Surveymanager|Any CPU.Build.0 = Release|Any CPU
	EndGlobalSection
	GlobalSection(SolutionProperties) = preSolution
		HideSolutionNode = FALSE
	EndGlobalSection
	GlobalSection(NestedProjects) = preSolution
		{16F64D2A-67F7-4DE8-91E1-E095ACB5CD5B} = {873D23E4-9BB2-43FC-8F70-2806B0DBFAA8}
		{0543177B-BF4C-4206-A044-687D0464AEA0} = {873D23E4-9BB2-43FC-8F70-2806B0DBFAA8}
		{B454AA9F-9B37-431D-8665-5F8B5146FDCB} = {873D23E4-9BB2-43FC-8F70-2806B0DBFAA8}
		{65C8E88A-BF30-47AA-A077-41BDF7B94CA7} = {873D23E4-9BB2-43FC-8F70-2806B0DBFAA8}
		{4B6B75CA-480B-4927-841F-7833546C6364} = {873D23E4-9BB2-43FC-8F70-2806B0DBFAA8}
		{313ED8A5-44C1-422C-8876-760976C0ABFC} = {873D23E4-9BB2-43FC-8F70-2806B0DBFAA8}
		{21C2CC4E-E53E-4B64-BF19-0E5B332B1356} = {873D23E4-9BB2-43FC-8F70-2806B0DBFAA8}
		{A4D83A04-35B0-488E-83EC-4460047ACCE5} = {873D23E4-9BB2-43FC-8F70-2806B0DBFAA8}
		{5032CF36-DD1F-4B1C-A47D-B8BC78D66B6B} = {873D23E4-9BB2-43FC-8F70-2806B0DBFAA8}
		{18A2A3BE-684D-4480-AE65-471BA211A582} = {873D23E4-9BB2-43FC-8F70-2806B0DBFAA8}
		{A0B3AAE6-E1CD-4866-B8DB-AF7C61B0F517} = {873D23E4-9BB2-43FC-8F70-2806B0DBFAA8}
		{3B9CA648-02BA-44DC-869D-E16745831195} = {873D23E4-9BB2-43FC-8F70-2806B0DBFAA8}
		{F67A4B07-AC77-4E01-8879-7B1D649E0842} = {873D23E4-9BB2-43FC-8F70-2806B0DBFAA8}
		{FAA92B77-DFAB-4138-9EDB-D037144677A7} = {873D23E4-9BB2-43FC-8F70-2806B0DBFAA8}
		{A919EDC2-709E-4356-BF53-AC8B091087F7} = {873D23E4-9BB2-43FC-8F70-2806B0DBFAA8}
		{11F8A1FE-5EBB-4492-A825-BF418A377E46} = {873D23E4-9BB2-43FC-8F70-2806B0DBFAA8}
		{E79C5AE2-8B9E-4781-98E7-6D8E4AC2C0E1} = {873D23E4-9BB2-43FC-8F70-2806B0DBFAA8}
		{01006A9C-384E-4A86-A2A1-24D798B3F02E} = {873D23E4-9BB2-43FC-8F70-2806B0DBFAA8}
		{A9758B86-992F-49E8-97AE-A574D1FDAD0B} = {B08A6173-9134-4A97-8B96-7E878373E523}
		{08EB78AF-0E23-466D-A5D8-2DDF635CF79C} = {337D3051-7E6F-4F21-B73C-FCD5FFC6797D}
		{B4FB3F70-273A-4AA6-A01B-655C0F354534} = {337D3051-7E6F-4F21-B73C-FCD5FFC6797D}
		{15E04F4C-DDD0-4712-812B-826EAA4CD1F2} = {337D3051-7E6F-4F21-B73C-FCD5FFC6797D}
		{1C0429D4-6497-47EC-9A67-2F8D57ECFBFF} = {337D3051-7E6F-4F21-B73C-FCD5FFC6797D}
		{DE6F48D6-FC93-46CB-B196-63BA16E7515E} = {38AF93EB-6232-463D-93CE-F0BE6EFE4B9F}
		{3D670A5A-9505-4A78-97D5-50FBAC812A3B} = {38AF93EB-6232-463D-93CE-F0BE6EFE4B9F}
		{26E35A86-40FD-4C34-95B2-576917DDEB92} = {38AF93EB-6232-463D-93CE-F0BE6EFE4B9F}
	EndGlobalSection
EndGlobal
