
Microsoft Visual Studio Solution File, Format Version 11.00
# Visual Studio 2010
Project("{2150E333-8FDC-42A3-9474-1A3956D46DE8}") = "Sys", "Sys", "{873D23E4-9BB2-43FC-8F70-2806B0DBFAA8}"
EndProject
Project("{2150E333-8FDC-42A3-9474-1A3956D46DE8}") = "Tasks", "Tasks", "{B08A6173-9134-4A97-8B96-7E878373E523}"
EndProject
Project("{2150E333-8FDC-42A3-9474-1A3956D46DE8}") = "Frontend", "Frontend", "{337D3051-7E6F-4F21-B73C-FCD5FFC6797D}"
EndProject
Project("{2150E333-8FDC-42A3-9474-1A3956D46DE8}") = "Addons", "Addons", "{38AF93EB-6232-463D-93CE-F0BE6EFE4B9F}"
EndProject
Project("{FAE04EC0-301F-11D3-BF4B-00C04F79EFBC}") = "efAutoDBUpdate", "Sys\efAutoDBUpdate\efAutoDBUpdate.csproj", "{16F64D2A-67F7-4DE8-91E1-E095ACB5CD5B}"
EndProject
Project("{FAE04EC0-301F-11D3-BF4B-00C04F79EFBC}") = "efCachedFile", "Sys\efCachedFile\efCachedFile.csproj", "{0543177B-BF4C-4206-A044-687D0464AEA0}"
EndProject
Project("{FAE04EC0-301F-11D3-BF4B-00C04F79EFBC}") = "efClientInfo", "Sys\efClientInfo\efClientInfo.csproj", "{B454AA9F-9B37-431D-8665-5F8B5146FDCB}"
EndProject
Project("{FAE04EC0-301F-11D3-BF4B-00C04F79EFBC}") = "efData", "Sys\efData\efData.csproj", "{65C8E88A-BF30-47AA-A077-41BDF7B94CA7}"
EndProject
Project("{FAE04EC0-301F-11D3-BF4B-00C04F79EFBC}") = "efDataClientInfo", "Sys\efDataClientInfo\efDataClientInfo.csproj", "{4B6B75CA-480B-4927-841F-7833546C6364}"
EndProject
Project("{FAE04EC0-301F-11D3-BF4B-00C04F79EFBC}") = "efDirectoryWatcher", "Sys\efDirectoryWatcher\efDirectoryWatcher.csproj", "{313ED8A5-44C1-422C-8876-760976C0ABFC}"
EndProject
Project("{FAE04EC0-301F-11D3-BF4B-00C04F79EFBC}") = "efDomains", "Sys\efDomains\efDomains.csproj", "{21C2CC4E-E53E-4B64-BF19-0E5B332B1356}"
EndProject
Project("{FAE04EC0-301F-11D3-BF4B-00C04F79EFBC}") = "efEntities", "Sys\efEntities\efEntities.csproj", "{A4D83A04-35B0-488E-83EC-4460047ACCE5}"
EndProject
Project("{FAE04EC0-301F-11D3-BF4B-00C04F79EFBC}") = "efHelpSystem", "Sys\efHelpSystem\efHelpSystem.csproj", "{5032CF36-DD1F-4B1C-A47D-B8BC78D66B6B}"
EndProject
Project("{FAE04EC0-301F-11D3-BF4B-00C04F79EFBC}") = "efInterfaces", "Sys\efInterfaces\efInterfaces.csproj", "{18A2A3BE-684D-4480-AE65-471BA211A582}"
EndProject
Project("{FAE04EC0-301F-11D3-BF4B-00C04F79EFBC}") = "efRecordset", "Sys\efRecordset\efRecordset.csproj", "{A0B3AAE6-E1CD-4866-B8DB-AF7C61B0F517}"
EndProject
Project("{FAE04EC0-301F-11D3-BF4B-00C04F79EFBC}") = "efSecurity", "Sys\efSecurity\efSecurity.csproj", "{3B9CA648-02BA-44DC-869D-E16745831195}"
EndProject
Project("{FAE04EC0-301F-11D3-BF4B-00C04F79EFBC}") = "efSqlTools", "Sys\efSqlTools\efSqlTools.csproj", "{F67A4B07-AC77-4E01-8879-7B1D649E0842}"
EndProject
Project("{FAE04EC0-301F-11D3-BF4B-00C04F79EFBC}") = "efSysEvents", "Sys\efSysEvents\efSysEvents.csproj", "{FAA92B77-DFAB-4138-9EDB-D037144677A7}"
EndProject
Project("{FAE04EC0-301F-11D3-BF4B-00C04F79EFBC}") = "efTableDef", "Sys\efTableDef\efTableDef.csproj", "{A919EDC2-709E-4356-BF53-AC8B091087F7}"
EndProject
Project("{FAE04EC0-301F-11D3-BF4B-00C04F79EFBC}") = "efTableDefCached", "Sys\efTableDefCached\efTableDefCached.csproj", "{11F8A1FE-5EBB-4492-A825-BF418A377E46}"
EndProject
Project("{FAE04EC0-301F-11D3-BF4B-00C04F79EFBC}") = "efToolLib", "Sys\efToolLib\efToolLib.csproj", "{E79C5AE2-8B9E-4781-98E7-6D8E4AC2C0E1}"
EndProject
Project("{FAE04EC0-301F-11D3-BF4B-00C04F79EFBC}") = "efXml", "Sys\efXml\efXml.csproj", "{01006A9C-384E-4A86-A2A1-24D798B3F02E}"
EndProject
Project("{FAE04EC0-301F-11D3-BF4B-00C04F79EFBC}") = "efICSharpZLibWrapper", "AddOns\efICSharpZLibWrapper\efICSharpZLibWrapper.csproj", "{DE6F48D6-FC93-46CB-B196-63BA16E7515E}"
EndProject
Project("{FAE04EC0-301F-11D3-BF4B-00C04F79EFBC}") = "efOfficeTalk", "AddOns\efOfficeTalk\efOfficeTalk.csproj", "{3D670A5A-9505-4A78-97D5-50FBAC812A3B}"
EndProject
Project("{FAE04EC0-301F-11D3-BF4B-00C04F79EFBC}") = "efMathMLWrapper", "AddOns\MathML\efMathMLWrapper\efMathMLWrapper.csproj", "{26E35A86-40FD-4C34-95B2-576917DDEB92}"
EndProject
Project("{FAE04EC0-301F-11D3-BF4B-00C04F79EFBC}") = "efDistribution", "Tasks\efDistribution\efDistribution.csproj", "{A9758B86-992F-49E8-97AE-A574D1FDAD0B}"
EndProject
Project("{FAE04EC0-301F-11D3-BF4B-00C04F79EFBC}") = "efAspTools", "Frontend\ASP\efAspTools\efAspTools.csproj", "{08EB78AF-0E23-466D-A5D8-2DDF635CF79C}"
EndProject
Project("{FAE04EC0-301F-11D3-BF4B-00C04F79EFBC}") = "efCache", "Frontend\ASP\efCache\efCache.csproj", "{B4FB3F70-273A-4AA6-A01B-655C0F354534}"
EndProject
Project("{FAE04EC0-301F-11D3-BF4B-00C04F79EFBC}") = "efConfig", "Frontend\ASP\efConfig\efConfig.csproj", "{15E04F4C-DDD0-4712-812B-826EAA4CD1F2}"
EndProject
Project("{FAE04EC0-301F-11D3-BF4B-00C04F79EFBC}") = "efEntityLoader", "Frontend\ASP\efEntityLoader\efEntityLoader.csproj", "{1C0429D4-6497-47EC-9A67-2F8D57ECFBFF}"
EndProject
Project("{FAE04EC0-301F-11D3-BF4B-00C04F79EFBC}") = "efComboBox", "Frontend\ASP\efComboBox\efComboBox.csproj", "{62650327-DE37-47EA-BF9C-E877550DCEC2}"
EndProject
Project("{FAE04EC0-301F-11D3-BF4B-00C04F79EFBC}") = "efHTMLRenderer", "Frontend\ASP\efHTMLRenderer\efHTMLRenderer.csproj", "{06DB707B-394D-4C63-9B8A-524B6CC36DE1}"
EndProject
Project("{FAE04EC0-301F-11D3-BF4B-00C04F79EFBC}") = "efDialog", "Frontend\ASP\efDialog\efDialog.csproj", "{F8BDDE2D-AE94-4EA4-96CC-E2DD7DBB823E}"
EndProject
Project("{FAE04EC0-301F-11D3-BF4B-00C04F79EFBC}") = "efWebComponents", "Frontend\ASP\efWebComponents\efWebComponents.csproj", "{E7ADA8C2-3E4C-43EF-B83A-586D045A7490}"
EndProject
Project("{FAE04EC0-301F-11D3-BF4B-00C04F79EFBC}") = "efPage", "Frontend\ASP\efPage\efPage.csproj", "{BEA0A97A-1B6A-4A54-9047-216FF30C7271}"
EndProject
Project("{FAE04EC0-301F-11D3-BF4B-00C04F79EFBC}") = "efEnvironment", "Frontend\ASP\efEnvironment\efEnvironment.csproj", "{FC8E09AC-7661-42C8-94FC-CE2D10AE3F66}"
EndProject
Project("{FAE04EC0-301F-11D3-BF4B-00C04F79EFBC}") = "efImages", "Frontend\ASP\efImages\efImages.csproj", "{879BA6F0-70E2-419D-9BCB-BBCC8552AEC5}"
EndProject
Project("{FAE04EC0-301F-11D3-BF4B-00C04F79EFBC}") = "efLogging", "Frontend\ASP\efLogging\efLogging.csproj", "{5D5B0EA4-7D2D-462D-89EA-A2DEB7363F1F}"
EndProject
Project("{FAE04EC0-301F-11D3-BF4B-00C04F79EFBC}") = "efMail", "Frontend\ASP\efMail\efMail.csproj", "{27094AE1-5384-474A-B65C-0D65AA6812FF}"
EndProject
Project("{FAE04EC0-301F-11D3-BF4B-00C04F79EFBC}") = "efMIME", "Frontend\ASP\efMIME\efMIME.csproj", "{095EB455-CA46-46E5-8AF1-A9B6C07022D1}"
EndProject
Project("{FAE04EC0-301F-11D3-BF4B-00C04F79EFBC}") = "efMultiStructureHelper", "Frontend\ASP\efMultiStructureHelper\efMultiStructureHelper.csproj", "{84C2194D-4A51-4030-BF9B-A2CD44CB4DD7}"
EndProject
Project("{FAE04EC0-301F-11D3-BF4B-00C04F79EFBC}") = "efEntityPopupMenue", "Frontend\ASP\efEntityPopupMenue\efEntityPopupMenue.csproj", "{7E6E8943-2068-4980-87CE-E29579D54735}"
EndProject
Project("{FAE04EC0-301F-11D3-BF4B-00C04F79EFBC}") = "efWebAppInit", "Frontend\ASP\efWebAppInit\efWebAppInit.csproj", "{F6A477D5-5B99-4454-9749-654D7EEC2370}"
EndProject
Project("{FAE04EC0-301F-11D3-BF4B-00C04F79EFBC}") = "efXmlDialog", "Frontend\ASP\efXmlDialog\efXmlDialog.csproj", "{AF6467D8-502B-40B0-AFEE-460B773167A0}"
EndProject
Project("{FAE04EC0-301F-11D3-BF4B-00C04F79EFBC}") = "efPopupMenue", "Frontend\ASP\efPopupMenue\efPopupMenue.csproj", "{818168CE-6CBF-445D-BD1E-7497E7CA7438}"
EndProject
Project("{FAE04EC0-301F-11D3-BF4B-00C04F79EFBC}") = "Tests", "Tests\Tests\Tests.csproj", "{455D20B3-B4F8-4693-A1C4-918A79150EF2}"
EndProject
Global
	GlobalSection(SolutionConfigurationPlatforms) = preSolution
		Adoptionlist|Any CPU = Adoptionlist|Any CPU
		Debug|Any CPU = Debug|Any CPU
		PSVM|Any CPU = PSVM|Any CPU
		Release|Any CPU = Release|Any CPU
		Surveymanager|Any CPU = Surveymanager|Any CPU
		SurveyManagerNET|Any CPU = SurveyManagerNET|Any CPU
		SVM|Any CPU = SVM|Any CPU
	EndGlobalSection
	GlobalSection(ProjectConfigurationPlatforms) = postSolution
		{16F64D2A-67F7-4DE8-91E1-E095ACB5CD5B}.Adoptionlist|Any CPU.ActiveCfg = Release|Any CPU
		{16F64D2A-67F7-4DE8-91E1-E095ACB5CD5B}.Adoptionlist|Any CPU.Build.0 = Release|Any CPU
		{16F64D2A-67F7-4DE8-91E1-E095ACB5CD5B}.Debug|Any CPU.ActiveCfg = Debug|Any CPU
		{16F64D2A-67F7-4DE8-91E1-E095ACB5CD5B}.Debug|Any CPU.Build.0 = Debug|Any CPU
		{16F64D2A-67F7-4DE8-91E1-E095ACB5CD5B}.PSVM|Any CPU.ActiveCfg = Release|Any CPU
		{16F64D2A-67F7-4DE8-91E1-E095ACB5CD5B}.PSVM|Any CPU.Build.0 = Release|Any CPU
		{16F64D2A-67F7-4DE8-91E1-E095ACB5CD5B}.Release|Any CPU.ActiveCfg = Release|Any CPU
		{16F64D2A-67F7-4DE8-91E1-E095ACB5CD5B}.Release|Any CPU.Build.0 = Release|Any CPU
		{16F64D2A-67F7-4DE8-91E1-E095ACB5CD5B}.Surveymanager|Any CPU.ActiveCfg = Release|Any CPU
		{16F64D2A-67F7-4DE8-91E1-E095ACB5CD5B}.Surveymanager|Any CPU.Build.0 = Release|Any CPU
		{16F64D2A-67F7-4DE8-91E1-E095ACB5CD5B}.SurveyManagerNET|Any CPU.ActiveCfg = Release|Any CPU
		{16F64D2A-67F7-4DE8-91E1-E095ACB5CD5B}.SurveyManagerNET|Any CPU.Build.0 = Release|Any CPU
		{16F64D2A-67F7-4DE8-91E1-E095ACB5CD5B}.SVM|Any CPU.ActiveCfg = Release|Any CPU
		{16F64D2A-67F7-4DE8-91E1-E095ACB5CD5B}.SVM|Any CPU.Build.0 = Release|Any CPU
		{0543177B-BF4C-4206-A044-687D0464AEA0}.Adoptionlist|Any CPU.ActiveCfg = Release|Any CPU
		{0543177B-BF4C-4206-A044-687D0464AEA0}.Adoptionlist|Any CPU.Build.0 = Release|Any CPU
		{0543177B-BF4C-4206-A044-687D0464AEA0}.Debug|Any CPU.ActiveCfg = Debug|Any CPU
		{0543177B-BF4C-4206-A044-687D0464AEA0}.Debug|Any CPU.Build.0 = Debug|Any CPU
		{0543177B-BF4C-4206-A044-687D0464AEA0}.PSVM|Any CPU.ActiveCfg = Release|Any CPU
		{0543177B-BF4C-4206-A044-687D0464AEA0}.PSVM|Any CPU.Build.0 = Release|Any CPU
		{0543177B-BF4C-4206-A044-687D0464AEA0}.Release|Any CPU.ActiveCfg = Release|Any CPU
		{0543177B-BF4C-4206-A044-687D0464AEA0}.Release|Any CPU.Build.0 = Release|Any CPU
		{0543177B-BF4C-4206-A044-687D0464AEA0}.Surveymanager|Any CPU.ActiveCfg = Release|Any CPU
		{0543177B-BF4C-4206-A044-687D0464AEA0}.Surveymanager|Any CPU.Build.0 = Release|Any CPU
		{0543177B-BF4C-4206-A044-687D0464AEA0}.SurveyManagerNET|Any CPU.ActiveCfg = Release|Any CPU
		{0543177B-BF4C-4206-A044-687D0464AEA0}.SurveyManagerNET|Any CPU.Build.0 = Release|Any CPU
		{0543177B-BF4C-4206-A044-687D0464AEA0}.SVM|Any CPU.ActiveCfg = Release|Any CPU
		{0543177B-BF4C-4206-A044-687D0464AEA0}.SVM|Any CPU.Build.0 = Release|Any CPU
		{B454AA9F-9B37-431D-8665-5F8B5146FDCB}.Adoptionlist|Any CPU.ActiveCfg = Release|Any CPU
		{B454AA9F-9B37-431D-8665-5F8B5146FDCB}.Adoptionlist|Any CPU.Build.0 = Release|Any CPU
		{B454AA9F-9B37-431D-8665-5F8B5146FDCB}.Debug|Any CPU.ActiveCfg = Debug|Any CPU
		{B454AA9F-9B37-431D-8665-5F8B5146FDCB}.Debug|Any CPU.Build.0 = Debug|Any CPU
		{B454AA9F-9B37-431D-8665-5F8B5146FDCB}.PSVM|Any CPU.ActiveCfg = Release|Any CPU
		{B454AA9F-9B37-431D-8665-5F8B5146FDCB}.PSVM|Any CPU.Build.0 = Release|Any CPU
		{B454AA9F-9B37-431D-8665-5F8B5146FDCB}.Release|Any CPU.ActiveCfg = Release|Any CPU
		{B454AA9F-9B37-431D-8665-5F8B5146FDCB}.Release|Any CPU.Build.0 = Release|Any CPU
		{B454AA9F-9B37-431D-8665-5F8B5146FDCB}.Surveymanager|Any CPU.ActiveCfg = Release|Any CPU
		{B454AA9F-9B37-431D-8665-5F8B5146FDCB}.Surveymanager|Any CPU.Build.0 = Release|Any CPU
		{B454AA9F-9B37-431D-8665-5F8B5146FDCB}.SurveyManagerNET|Any CPU.ActiveCfg = Release|Any CPU
		{B454AA9F-9B37-431D-8665-5F8B5146FDCB}.SurveyManagerNET|Any CPU.Build.0 = Release|Any CPU
		{B454AA9F-9B37-431D-8665-5F8B5146FDCB}.SVM|Any CPU.ActiveCfg = Release|Any CPU
		{B454AA9F-9B37-431D-8665-5F8B5146FDCB}.SVM|Any CPU.Build.0 = Release|Any CPU
		{65C8E88A-BF30-47AA-A077-41BDF7B94CA7}.Adoptionlist|Any CPU.ActiveCfg = Adoptionlist|Any CPU
		{65C8E88A-BF30-47AA-A077-41BDF7B94CA7}.Adoptionlist|Any CPU.Build.0 = Adoptionlist|Any CPU
		{65C8E88A-BF30-47AA-A077-41BDF7B94CA7}.Debug|Any CPU.ActiveCfg = Debug|Any CPU
		{65C8E88A-BF30-47AA-A077-41BDF7B94CA7}.Debug|Any CPU.Build.0 = Debug|Any CPU
		{65C8E88A-BF30-47AA-A077-41BDF7B94CA7}.PSVM|Any CPU.ActiveCfg = Adoptionlist|Any CPU
		{65C8E88A-BF30-47AA-A077-41BDF7B94CA7}.PSVM|Any CPU.Build.0 = Adoptionlist|Any CPU
		{65C8E88A-BF30-47AA-A077-41BDF7B94CA7}.Release|Any CPU.ActiveCfg = Release|Any CPU
		{65C8E88A-BF30-47AA-A077-41BDF7B94CA7}.Release|Any CPU.Build.0 = Release|Any CPU
		{65C8E88A-BF30-47AA-A077-41BDF7B94CA7}.Surveymanager|Any CPU.ActiveCfg = Surveymanager|Any CPU
		{65C8E88A-BF30-47AA-A077-41BDF7B94CA7}.Surveymanager|Any CPU.Build.0 = Surveymanager|Any CPU
		{65C8E88A-BF30-47AA-A077-41BDF7B94CA7}.SurveyManagerNET|Any CPU.ActiveCfg = Surveymanager|Any CPU
		{65C8E88A-BF30-47AA-A077-41BDF7B94CA7}.SurveyManagerNET|Any CPU.Build.0 = Surveymanager|Any CPU
		{65C8E88A-BF30-47AA-A077-41BDF7B94CA7}.SVM|Any CPU.ActiveCfg = Surveymanager|Any CPU
		{65C8E88A-BF30-47AA-A077-41BDF7B94CA7}.SVM|Any CPU.Build.0 = Surveymanager|Any CPU
		{4B6B75CA-480B-4927-841F-7833546C6364}.Adoptionlist|Any CPU.ActiveCfg = SurveyManagerNET|Any CPU
		{4B6B75CA-480B-4927-841F-7833546C6364}.Adoptionlist|Any CPU.Build.0 = SurveyManagerNET|Any CPU
		{4B6B75CA-480B-4927-841F-7833546C6364}.Debug|Any CPU.ActiveCfg = Debug|Any CPU
		{4B6B75CA-480B-4927-841F-7833546C6364}.Debug|Any CPU.Build.0 = Debug|Any CPU
		{4B6B75CA-480B-4927-841F-7833546C6364}.PSVM|Any CPU.ActiveCfg = SurveyManagerNET|Any CPU
		{4B6B75CA-480B-4927-841F-7833546C6364}.PSVM|Any CPU.Build.0 = SurveyManagerNET|Any CPU
		{4B6B75CA-480B-4927-841F-7833546C6364}.Release|Any CPU.ActiveCfg = Release|Any CPU
		{4B6B75CA-480B-4927-841F-7833546C6364}.Release|Any CPU.Build.0 = Release|Any CPU
		{4B6B75CA-480B-4927-841F-7833546C6364}.Surveymanager|Any CPU.ActiveCfg = SurveyManagerNET|Any CPU
		{4B6B75CA-480B-4927-841F-7833546C6364}.Surveymanager|Any CPU.Build.0 = SurveyManagerNET|Any CPU
		{4B6B75CA-480B-4927-841F-7833546C6364}.SurveyManagerNET|Any CPU.ActiveCfg = SurveyManagerNET|Any CPU
		{4B6B75CA-480B-4927-841F-7833546C6364}.SurveyManagerNET|Any CPU.Build.0 = SurveyManagerNET|Any CPU
		{4B6B75CA-480B-4927-841F-7833546C6364}.SVM|Any CPU.ActiveCfg = SurveyManagerNET|Any CPU
		{4B6B75CA-480B-4927-841F-7833546C6364}.SVM|Any CPU.Build.0 = SurveyManagerNET|Any CPU
		{313ED8A5-44C1-422C-8876-760976C0ABFC}.Adoptionlist|Any CPU.ActiveCfg = Release|Any CPU
		{313ED8A5-44C1-422C-8876-760976C0ABFC}.Adoptionlist|Any CPU.Build.0 = Release|Any CPU
		{313ED8A5-44C1-422C-8876-760976C0ABFC}.Debug|Any CPU.ActiveCfg = Debug|Any CPU
		{313ED8A5-44C1-422C-8876-760976C0ABFC}.Debug|Any CPU.Build.0 = Debug|Any CPU
		{313ED8A5-44C1-422C-8876-760976C0ABFC}.PSVM|Any CPU.ActiveCfg = Release|Any CPU
		{313ED8A5-44C1-422C-8876-760976C0ABFC}.PSVM|Any CPU.Build.0 = Release|Any CPU
		{313ED8A5-44C1-422C-8876-760976C0ABFC}.Release|Any CPU.ActiveCfg = Release|Any CPU
		{313ED8A5-44C1-422C-8876-760976C0ABFC}.Release|Any CPU.Build.0 = Release|Any CPU
		{313ED8A5-44C1-422C-8876-760976C0ABFC}.Surveymanager|Any CPU.ActiveCfg = Release|Any CPU
		{313ED8A5-44C1-422C-8876-760976C0ABFC}.Surveymanager|Any CPU.Build.0 = Release|Any CPU
		{313ED8A5-44C1-422C-8876-760976C0ABFC}.SurveyManagerNET|Any CPU.ActiveCfg = Release|Any CPU
		{313ED8A5-44C1-422C-8876-760976C0ABFC}.SurveyManagerNET|Any CPU.Build.0 = Release|Any CPU
		{313ED8A5-44C1-422C-8876-760976C0ABFC}.SVM|Any CPU.ActiveCfg = Release|Any CPU
		{313ED8A5-44C1-422C-8876-760976C0ABFC}.SVM|Any CPU.Build.0 = Release|Any CPU
		{21C2CC4E-E53E-4B64-BF19-0E5B332B1356}.Adoptionlist|Any CPU.ActiveCfg = Release|Any CPU
		{21C2CC4E-E53E-4B64-BF19-0E5B332B1356}.Adoptionlist|Any CPU.Build.0 = Release|Any CPU
		{21C2CC4E-E53E-4B64-BF19-0E5B332B1356}.Debug|Any CPU.ActiveCfg = Debug|Any CPU
		{21C2CC4E-E53E-4B64-BF19-0E5B332B1356}.Debug|Any CPU.Build.0 = Debug|Any CPU
		{21C2CC4E-E53E-4B64-BF19-0E5B332B1356}.PSVM|Any CPU.ActiveCfg = Release|Any CPU
		{21C2CC4E-E53E-4B64-BF19-0E5B332B1356}.PSVM|Any CPU.Build.0 = Release|Any CPU
		{21C2CC4E-E53E-4B64-BF19-0E5B332B1356}.Release|Any CPU.ActiveCfg = Release|Any CPU
		{21C2CC4E-E53E-4B64-BF19-0E5B332B1356}.Release|Any CPU.Build.0 = Release|Any CPU
		{21C2CC4E-E53E-4B64-BF19-0E5B332B1356}.Surveymanager|Any CPU.ActiveCfg = Release|Any CPU
		{21C2CC4E-E53E-4B64-BF19-0E5B332B1356}.Surveymanager|Any CPU.Build.0 = Release|Any CPU
		{21C2CC4E-E53E-4B64-BF19-0E5B332B1356}.SurveyManagerNET|Any CPU.ActiveCfg = Release|Any CPU
		{21C2CC4E-E53E-4B64-BF19-0E5B332B1356}.SurveyManagerNET|Any CPU.Build.0 = Release|Any CPU
		{21C2CC4E-E53E-4B64-BF19-0E5B332B1356}.SVM|Any CPU.ActiveCfg = Release|Any CPU
		{21C2CC4E-E53E-4B64-BF19-0E5B332B1356}.SVM|Any CPU.Build.0 = Release|Any CPU
		{A4D83A04-35B0-488E-83EC-4460047ACCE5}.Adoptionlist|Any CPU.ActiveCfg = AdoptionList|Any CPU
		{A4D83A04-35B0-488E-83EC-4460047ACCE5}.Adoptionlist|Any CPU.Build.0 = AdoptionList|Any CPU
		{A4D83A04-35B0-488E-83EC-4460047ACCE5}.Debug|Any CPU.ActiveCfg = Debug|Any CPU
		{A4D83A04-35B0-488E-83EC-4460047ACCE5}.Debug|Any CPU.Build.0 = Debug|Any CPU
		{A4D83A04-35B0-488E-83EC-4460047ACCE5}.PSVM|Any CPU.ActiveCfg = SurveymanagerNET|Any CPU
		{A4D83A04-35B0-488E-83EC-4460047ACCE5}.PSVM|Any CPU.Build.0 = SurveymanagerNET|Any CPU
		{A4D83A04-35B0-488E-83EC-4460047ACCE5}.Release|Any CPU.ActiveCfg = Release|Any CPU
		{A4D83A04-35B0-488E-83EC-4460047ACCE5}.Release|Any CPU.Build.0 = Release|Any CPU
		{A4D83A04-35B0-488E-83EC-4460047ACCE5}.Surveymanager|Any CPU.ActiveCfg = SurveymanagerNET|Any CPU
		{A4D83A04-35B0-488E-83EC-4460047ACCE5}.Surveymanager|Any CPU.Build.0 = SurveymanagerNET|Any CPU
		{A4D83A04-35B0-488E-83EC-4460047ACCE5}.SurveyManagerNET|Any CPU.ActiveCfg = SurveymanagerNET|Any CPU
		{A4D83A04-35B0-488E-83EC-4460047ACCE5}.SurveyManagerNET|Any CPU.Build.0 = SurveymanagerNET|Any CPU
		{A4D83A04-35B0-488E-83EC-4460047ACCE5}.SVM|Any CPU.ActiveCfg = SurveymanagerNET|Any CPU
		{A4D83A04-35B0-488E-83EC-4460047ACCE5}.SVM|Any CPU.Build.0 = SurveymanagerNET|Any CPU
		{5032CF36-DD1F-4B1C-A47D-B8BC78D66B6B}.Adoptionlist|Any CPU.ActiveCfg = Release|Any CPU
		{5032CF36-DD1F-4B1C-A47D-B8BC78D66B6B}.Adoptionlist|Any CPU.Build.0 = Release|Any CPU
		{5032CF36-DD1F-4B1C-A47D-B8BC78D66B6B}.Debug|Any CPU.ActiveCfg = Debug|Any CPU
		{5032CF36-DD1F-4B1C-A47D-B8BC78D66B6B}.Debug|Any CPU.Build.0 = Debug|Any CPU
		{5032CF36-DD1F-4B1C-A47D-B8BC78D66B6B}.PSVM|Any CPU.ActiveCfg = Release|Any CPU
		{5032CF36-DD1F-4B1C-A47D-B8BC78D66B6B}.PSVM|Any CPU.Build.0 = Release|Any CPU
		{5032CF36-DD1F-4B1C-A47D-B8BC78D66B6B}.Release|Any CPU.ActiveCfg = Release|Any CPU
		{5032CF36-DD1F-4B1C-A47D-B8BC78D66B6B}.Release|Any CPU.Build.0 = Release|Any CPU
		{5032CF36-DD1F-4B1C-A47D-B8BC78D66B6B}.Surveymanager|Any CPU.ActiveCfg = Release|Any CPU
		{5032CF36-DD1F-4B1C-A47D-B8BC78D66B6B}.Surveymanager|Any CPU.Build.0 = Release|Any CPU
		{5032CF36-DD1F-4B1C-A47D-B8BC78D66B6B}.SurveyManagerNET|Any CPU.ActiveCfg = Release|Any CPU
		{5032CF36-DD1F-4B1C-A47D-B8BC78D66B6B}.SurveyManagerNET|Any CPU.Build.0 = Release|Any CPU
		{5032CF36-DD1F-4B1C-A47D-B8BC78D66B6B}.SVM|Any CPU.ActiveCfg = Release|Any CPU
		{5032CF36-DD1F-4B1C-A47D-B8BC78D66B6B}.SVM|Any CPU.Build.0 = Release|Any CPU
		{18A2A3BE-684D-4480-AE65-471BA211A582}.Adoptionlist|Any CPU.ActiveCfg = Release|Any CPU
		{18A2A3BE-684D-4480-AE65-471BA211A582}.Adoptionlist|Any CPU.Build.0 = Release|Any CPU
		{18A2A3BE-684D-4480-AE65-471BA211A582}.Debug|Any CPU.ActiveCfg = Debug|Any CPU
		{18A2A3BE-684D-4480-AE65-471BA211A582}.Debug|Any CPU.Build.0 = Debug|Any CPU
		{18A2A3BE-684D-4480-AE65-471BA211A582}.PSVM|Any CPU.ActiveCfg = Release|Any CPU
		{18A2A3BE-684D-4480-AE65-471BA211A582}.PSVM|Any CPU.Build.0 = Release|Any CPU
		{18A2A3BE-684D-4480-AE65-471BA211A582}.Release|Any CPU.ActiveCfg = Release|Any CPU
		{18A2A3BE-684D-4480-AE65-471BA211A582}.Release|Any CPU.Build.0 = Release|Any CPU
		{18A2A3BE-684D-4480-AE65-471BA211A582}.Surveymanager|Any CPU.ActiveCfg = Debug|Any CPU
		{18A2A3BE-684D-4480-AE65-471BA211A582}.Surveymanager|Any CPU.Build.0 = Debug|Any CPU
		{18A2A3BE-684D-4480-AE65-471BA211A582}.SurveyManagerNET|Any CPU.ActiveCfg = Debug|Any CPU
		{18A2A3BE-684D-4480-AE65-471BA211A582}.SurveyManagerNET|Any CPU.Build.0 = Debug|Any CPU
		{18A2A3BE-684D-4480-AE65-471BA211A582}.SVM|Any CPU.ActiveCfg = Debug|Any CPU
		{18A2A3BE-684D-4480-AE65-471BA211A582}.SVM|Any CPU.Build.0 = Debug|Any CPU
		{A0B3AAE6-E1CD-4866-B8DB-AF7C61B0F517}.Adoptionlist|Any CPU.ActiveCfg = SurveyManagerNET|Any CPU
		{A0B3AAE6-E1CD-4866-B8DB-AF7C61B0F517}.Adoptionlist|Any CPU.Build.0 = SurveyManagerNET|Any CPU
		{A0B3AAE6-E1CD-4866-B8DB-AF7C61B0F517}.Debug|Any CPU.ActiveCfg = Debug|Any CPU
		{A0B3AAE6-E1CD-4866-B8DB-AF7C61B0F517}.Debug|Any CPU.Build.0 = Debug|Any CPU
		{A0B3AAE6-E1CD-4866-B8DB-AF7C61B0F517}.PSVM|Any CPU.ActiveCfg = SurveyManagerNET|Any CPU
		{A0B3AAE6-E1CD-4866-B8DB-AF7C61B0F517}.PSVM|Any CPU.Build.0 = SurveyManagerNET|Any CPU
		{A0B3AAE6-E1CD-4866-B8DB-AF7C61B0F517}.Release|Any CPU.ActiveCfg = Release|Any CPU
		{A0B3AAE6-E1CD-4866-B8DB-AF7C61B0F517}.Release|Any CPU.Build.0 = Release|Any CPU
		{A0B3AAE6-E1CD-4866-B8DB-AF7C61B0F517}.Surveymanager|Any CPU.ActiveCfg = SurveyManagerNET|Any CPU
		{A0B3AAE6-E1CD-4866-B8DB-AF7C61B0F517}.Surveymanager|Any CPU.Build.0 = SurveyManagerNET|Any CPU
		{A0B3AAE6-E1CD-4866-B8DB-AF7C61B0F517}.SurveyManagerNET|Any CPU.ActiveCfg = SurveyManagerNET|Any CPU
		{A0B3AAE6-E1CD-4866-B8DB-AF7C61B0F517}.SurveyManagerNET|Any CPU.Build.0 = SurveyManagerNET|Any CPU
		{A0B3AAE6-E1CD-4866-B8DB-AF7C61B0F517}.SVM|Any CPU.ActiveCfg = SurveyManagerNET|Any CPU
		{A0B3AAE6-E1CD-4866-B8DB-AF7C61B0F517}.SVM|Any CPU.Build.0 = SurveyManagerNET|Any CPU
		{3B9CA648-02BA-44DC-869D-E16745831195}.Adoptionlist|Any CPU.ActiveCfg = Release|Any CPU
		{3B9CA648-02BA-44DC-869D-E16745831195}.Adoptionlist|Any CPU.Build.0 = Release|Any CPU
		{3B9CA648-02BA-44DC-869D-E16745831195}.Debug|Any CPU.ActiveCfg = Debug|Any CPU
		{3B9CA648-02BA-44DC-869D-E16745831195}.Debug|Any CPU.Build.0 = Debug|Any CPU
		{3B9CA648-02BA-44DC-869D-E16745831195}.PSVM|Any CPU.ActiveCfg = Release|Any CPU
		{3B9CA648-02BA-44DC-869D-E16745831195}.PSVM|Any CPU.Build.0 = Release|Any CPU
		{3B9CA648-02BA-44DC-869D-E16745831195}.Release|Any CPU.ActiveCfg = Release|Any CPU
		{3B9CA648-02BA-44DC-869D-E16745831195}.Release|Any CPU.Build.0 = Release|Any CPU
		{3B9CA648-02BA-44DC-869D-E16745831195}.Surveymanager|Any CPU.ActiveCfg = Release|Any CPU
		{3B9CA648-02BA-44DC-869D-E16745831195}.Surveymanager|Any CPU.Build.0 = Release|Any CPU
		{3B9CA648-02BA-44DC-869D-E16745831195}.SurveyManagerNET|Any CPU.ActiveCfg = Release|Any CPU
		{3B9CA648-02BA-44DC-869D-E16745831195}.SurveyManagerNET|Any CPU.Build.0 = Release|Any CPU
		{3B9CA648-02BA-44DC-869D-E16745831195}.SVM|Any CPU.ActiveCfg = Release|Any CPU
		{3B9CA648-02BA-44DC-869D-E16745831195}.SVM|Any CPU.Build.0 = Release|Any CPU
		{F67A4B07-AC77-4E01-8879-7B1D649E0842}.Adoptionlist|Any CPU.ActiveCfg = Release|Any CPU
		{F67A4B07-AC77-4E01-8879-7B1D649E0842}.Adoptionlist|Any CPU.Build.0 = Release|Any CPU
		{F67A4B07-AC77-4E01-8879-7B1D649E0842}.Debug|Any CPU.ActiveCfg = Debug|Any CPU
		{F67A4B07-AC77-4E01-8879-7B1D649E0842}.Debug|Any CPU.Build.0 = Debug|Any CPU
		{F67A4B07-AC77-4E01-8879-7B1D649E0842}.PSVM|Any CPU.ActiveCfg = Release|Any CPU
		{F67A4B07-AC77-4E01-8879-7B1D649E0842}.PSVM|Any CPU.Build.0 = Release|Any CPU
		{F67A4B07-AC77-4E01-8879-7B1D649E0842}.Release|Any CPU.ActiveCfg = Release|Any CPU
		{F67A4B07-AC77-4E01-8879-7B1D649E0842}.Release|Any CPU.Build.0 = Release|Any CPU
		{F67A4B07-AC77-4E01-8879-7B1D649E0842}.Surveymanager|Any CPU.ActiveCfg = Release|Any CPU
		{F67A4B07-AC77-4E01-8879-7B1D649E0842}.Surveymanager|Any CPU.Build.0 = Release|Any CPU
		{F67A4B07-AC77-4E01-8879-7B1D649E0842}.SurveyManagerNET|Any CPU.ActiveCfg = Release|Any CPU
		{F67A4B07-AC77-4E01-8879-7B1D649E0842}.SurveyManagerNET|Any CPU.Build.0 = Release|Any CPU
		{F67A4B07-AC77-4E01-8879-7B1D649E0842}.SVM|Any CPU.ActiveCfg = Release|Any CPU
		{F67A4B07-AC77-4E01-8879-7B1D649E0842}.SVM|Any CPU.Build.0 = Release|Any CPU
		{FAA92B77-DFAB-4138-9EDB-D037144677A7}.Adoptionlist|Any CPU.ActiveCfg = Release|Any CPU
		{FAA92B77-DFAB-4138-9EDB-D037144677A7}.Adoptionlist|Any CPU.Build.0 = Release|Any CPU
		{FAA92B77-DFAB-4138-9EDB-D037144677A7}.Debug|Any CPU.ActiveCfg = Debug|Any CPU
		{FAA92B77-DFAB-4138-9EDB-D037144677A7}.Debug|Any CPU.Build.0 = Debug|Any CPU
		{FAA92B77-DFAB-4138-9EDB-D037144677A7}.PSVM|Any CPU.ActiveCfg = Release|Any CPU
		{FAA92B77-DFAB-4138-9EDB-D037144677A7}.PSVM|Any CPU.Build.0 = Release|Any CPU
		{FAA92B77-DFAB-4138-9EDB-D037144677A7}.Release|Any CPU.ActiveCfg = Release|Any CPU
		{FAA92B77-DFAB-4138-9EDB-D037144677A7}.Release|Any CPU.Build.0 = Release|Any CPU
		{FAA92B77-DFAB-4138-9EDB-D037144677A7}.Surveymanager|Any CPU.ActiveCfg = Release|Any CPU
		{FAA92B77-DFAB-4138-9EDB-D037144677A7}.Surveymanager|Any CPU.Build.0 = Release|Any CPU
		{FAA92B77-DFAB-4138-9EDB-D037144677A7}.SurveyManagerNET|Any CPU.ActiveCfg = Release|Any CPU
		{FAA92B77-DFAB-4138-9EDB-D037144677A7}.SurveyManagerNET|Any CPU.Build.0 = Release|Any CPU
		{FAA92B77-DFAB-4138-9EDB-D037144677A7}.SVM|Any CPU.ActiveCfg = Release|Any CPU
		{FAA92B77-DFAB-4138-9EDB-D037144677A7}.SVM|Any CPU.Build.0 = Release|Any CPU
		{A919EDC2-709E-4356-BF53-AC8B091087F7}.Adoptionlist|Any CPU.ActiveCfg = Adoptionlist|Any CPU
		{A919EDC2-709E-4356-BF53-AC8B091087F7}.Adoptionlist|Any CPU.Build.0 = Adoptionlist|Any CPU
		{A919EDC2-709E-4356-BF53-AC8B091087F7}.Debug|Any CPU.ActiveCfg = Debug|Any CPU
		{A919EDC2-709E-4356-BF53-AC8B091087F7}.Debug|Any CPU.Build.0 = Debug|Any CPU
		{A919EDC2-709E-4356-BF53-AC8B091087F7}.PSVM|Any CPU.ActiveCfg = Adoptionlist|Any CPU
		{A919EDC2-709E-4356-BF53-AC8B091087F7}.PSVM|Any CPU.Build.0 = Adoptionlist|Any CPU
		{A919EDC2-709E-4356-BF53-AC8B091087F7}.Release|Any CPU.ActiveCfg = Release|Any CPU
		{A919EDC2-709E-4356-BF53-AC8B091087F7}.Release|Any CPU.Build.0 = Release|Any CPU
		{A919EDC2-709E-4356-BF53-AC8B091087F7}.Surveymanager|Any CPU.ActiveCfg = Adoptionlist|Any CPU
		{A919EDC2-709E-4356-BF53-AC8B091087F7}.Surveymanager|Any CPU.Build.0 = Adoptionlist|Any CPU
		{A919EDC2-709E-4356-BF53-AC8B091087F7}.SurveyManagerNET|Any CPU.ActiveCfg = Adoptionlist|Any CPU
		{A919EDC2-709E-4356-BF53-AC8B091087F7}.SurveyManagerNET|Any CPU.Build.0 = Adoptionlist|Any CPU
		{A919EDC2-709E-4356-BF53-AC8B091087F7}.SVM|Any CPU.ActiveCfg = Adoptionlist|Any CPU
		{A919EDC2-709E-4356-BF53-AC8B091087F7}.SVM|Any CPU.Build.0 = Adoptionlist|Any CPU
		{11F8A1FE-5EBB-4492-A825-BF418A377E46}.Adoptionlist|Any CPU.ActiveCfg = Release|Any CPU
		{11F8A1FE-5EBB-4492-A825-BF418A377E46}.Adoptionlist|Any CPU.Build.0 = Release|Any CPU
		{11F8A1FE-5EBB-4492-A825-BF418A377E46}.Debug|Any CPU.ActiveCfg = Debug|Any CPU
		{11F8A1FE-5EBB-4492-A825-BF418A377E46}.Debug|Any CPU.Build.0 = Debug|Any CPU
		{11F8A1FE-5EBB-4492-A825-BF418A377E46}.PSVM|Any CPU.ActiveCfg = Release|Any CPU
		{11F8A1FE-5EBB-4492-A825-BF418A377E46}.PSVM|Any CPU.Build.0 = Release|Any CPU
		{11F8A1FE-5EBB-4492-A825-BF418A377E46}.Release|Any CPU.ActiveCfg = Release|Any CPU
		{11F8A1FE-5EBB-4492-A825-BF418A377E46}.Release|Any CPU.Build.0 = Release|Any CPU
		{11F8A1FE-5EBB-4492-A825-BF418A377E46}.Surveymanager|Any CPU.ActiveCfg = Release|Any CPU
		{11F8A1FE-5EBB-4492-A825-BF418A377E46}.Surveymanager|Any CPU.Build.0 = Release|Any CPU
		{11F8A1FE-5EBB-4492-A825-BF418A377E46}.SurveyManagerNET|Any CPU.ActiveCfg = Release|Any CPU
		{11F8A1FE-5EBB-4492-A825-BF418A377E46}.SurveyManagerNET|Any CPU.Build.0 = Release|Any CPU
		{11F8A1FE-5EBB-4492-A825-BF418A377E46}.SVM|Any CPU.ActiveCfg = Release|Any CPU
		{11F8A1FE-5EBB-4492-A825-BF418A377E46}.SVM|Any CPU.Build.0 = Release|Any CPU
		{E79C5AE2-8B9E-4781-98E7-6D8E4AC2C0E1}.Adoptionlist|Any CPU.ActiveCfg = Adoptionlist|Any CPU
		{E79C5AE2-8B9E-4781-98E7-6D8E4AC2C0E1}.Adoptionlist|Any CPU.Build.0 = Adoptionlist|Any CPU
		{E79C5AE2-8B9E-4781-98E7-6D8E4AC2C0E1}.Debug|Any CPU.ActiveCfg = Debug|Any CPU
		{E79C5AE2-8B9E-4781-98E7-6D8E4AC2C0E1}.Debug|Any CPU.Build.0 = Debug|Any CPU
		{E79C5AE2-8B9E-4781-98E7-6D8E4AC2C0E1}.PSVM|Any CPU.ActiveCfg = SurveyManagerNET|Any CPU
		{E79C5AE2-8B9E-4781-98E7-6D8E4AC2C0E1}.PSVM|Any CPU.Build.0 = SurveyManagerNET|Any CPU
		{E79C5AE2-8B9E-4781-98E7-6D8E4AC2C0E1}.Release|Any CPU.ActiveCfg = Release|Any CPU
		{E79C5AE2-8B9E-4781-98E7-6D8E4AC2C0E1}.Release|Any CPU.Build.0 = Release|Any CPU
		{E79C5AE2-8B9E-4781-98E7-6D8E4AC2C0E1}.Surveymanager|Any CPU.ActiveCfg = SurveyManagerNET|Any CPU
		{E79C5AE2-8B9E-4781-98E7-6D8E4AC2C0E1}.Surveymanager|Any CPU.Build.0 = SurveyManagerNET|Any CPU
		{E79C5AE2-8B9E-4781-98E7-6D8E4AC2C0E1}.SurveyManagerNET|Any CPU.ActiveCfg = SurveyManagerNET|Any CPU
		{E79C5AE2-8B9E-4781-98E7-6D8E4AC2C0E1}.SurveyManagerNET|Any CPU.Build.0 = SurveyManagerNET|Any CPU
		{E79C5AE2-8B9E-4781-98E7-6D8E4AC2C0E1}.SVM|Any CPU.ActiveCfg = SurveyManagerNET|Any CPU
		{E79C5AE2-8B9E-4781-98E7-6D8E4AC2C0E1}.SVM|Any CPU.Build.0 = SurveyManagerNET|Any CPU
		{01006A9C-384E-4A86-A2A1-24D798B3F02E}.Adoptionlist|Any CPU.ActiveCfg = Release|Any CPU
		{01006A9C-384E-4A86-A2A1-24D798B3F02E}.Adoptionlist|Any CPU.Build.0 = Release|Any CPU
		{01006A9C-384E-4A86-A2A1-24D798B3F02E}.Debug|Any CPU.ActiveCfg = Debug|Any CPU
		{01006A9C-384E-4A86-A2A1-24D798B3F02E}.Debug|Any CPU.Build.0 = Debug|Any CPU
		{01006A9C-384E-4A86-A2A1-24D798B3F02E}.PSVM|Any CPU.ActiveCfg = Release|Any CPU
		{01006A9C-384E-4A86-A2A1-24D798B3F02E}.PSVM|Any CPU.Build.0 = Release|Any CPU
		{01006A9C-384E-4A86-A2A1-24D798B3F02E}.Release|Any CPU.ActiveCfg = Release|Any CPU
		{01006A9C-384E-4A86-A2A1-24D798B3F02E}.Release|Any CPU.Build.0 = Release|Any CPU
		{01006A9C-384E-4A86-A2A1-24D798B3F02E}.Surveymanager|Any CPU.ActiveCfg = Release|Any CPU
		{01006A9C-384E-4A86-A2A1-24D798B3F02E}.Surveymanager|Any CPU.Build.0 = Release|Any CPU
		{01006A9C-384E-4A86-A2A1-24D798B3F02E}.SurveyManagerNET|Any CPU.ActiveCfg = Release|Any CPU
		{01006A9C-384E-4A86-A2A1-24D798B3F02E}.SurveyManagerNET|Any CPU.Build.0 = Release|Any CPU
		{01006A9C-384E-4A86-A2A1-24D798B3F02E}.SVM|Any CPU.ActiveCfg = Release|Any CPU
		{01006A9C-384E-4A86-A2A1-24D798B3F02E}.SVM|Any CPU.Build.0 = Release|Any CPU
		{DE6F48D6-FC93-46CB-B196-63BA16E7515E}.Adoptionlist|Any CPU.ActiveCfg = Release|Any CPU
		{DE6F48D6-FC93-46CB-B196-63BA16E7515E}.Adoptionlist|Any CPU.Build.0 = Release|Any CPU
		{DE6F48D6-FC93-46CB-B196-63BA16E7515E}.Debug|Any CPU.ActiveCfg = Debug|Any CPU
		{DE6F48D6-FC93-46CB-B196-63BA16E7515E}.Debug|Any CPU.Build.0 = Debug|Any CPU
		{DE6F48D6-FC93-46CB-B196-63BA16E7515E}.PSVM|Any CPU.ActiveCfg = Release|Any CPU
		{DE6F48D6-FC93-46CB-B196-63BA16E7515E}.PSVM|Any CPU.Build.0 = Release|Any CPU
		{DE6F48D6-FC93-46CB-B196-63BA16E7515E}.Release|Any CPU.ActiveCfg = Release|Any CPU
		{DE6F48D6-FC93-46CB-B196-63BA16E7515E}.Release|Any CPU.Build.0 = Release|Any CPU
		{DE6F48D6-FC93-46CB-B196-63BA16E7515E}.Surveymanager|Any CPU.ActiveCfg = Release|Any CPU
		{DE6F48D6-FC93-46CB-B196-63BA16E7515E}.Surveymanager|Any CPU.Build.0 = Release|Any CPU
		{DE6F48D6-FC93-46CB-B196-63BA16E7515E}.SurveyManagerNET|Any CPU.ActiveCfg = Release|Any CPU
		{DE6F48D6-FC93-46CB-B196-63BA16E7515E}.SurveyManagerNET|Any CPU.Build.0 = Release|Any CPU
		{DE6F48D6-FC93-46CB-B196-63BA16E7515E}.SVM|Any CPU.ActiveCfg = Release|Any CPU
		{DE6F48D6-FC93-46CB-B196-63BA16E7515E}.SVM|Any CPU.Build.0 = Release|Any CPU
		{3D670A5A-9505-4A78-97D5-50FBAC812A3B}.Adoptionlist|Any CPU.ActiveCfg = Adoptionlist|Any CPU
		{3D670A5A-9505-4A78-97D5-50FBAC812A3B}.Adoptionlist|Any CPU.Build.0 = Adoptionlist|Any CPU
		{3D670A5A-9505-4A78-97D5-50FBAC812A3B}.Debug|Any CPU.ActiveCfg = Debug|Any CPU
		{3D670A5A-9505-4A78-97D5-50FBAC812A3B}.Debug|Any CPU.Build.0 = Debug|Any CPU
		{3D670A5A-9505-4A78-97D5-50FBAC812A3B}.PSVM|Any CPU.ActiveCfg = PSVM|Any CPU
		{3D670A5A-9505-4A78-97D5-50FBAC812A3B}.PSVM|Any CPU.Build.0 = PSVM|Any CPU
		{3D670A5A-9505-4A78-97D5-50FBAC812A3B}.Release|Any CPU.ActiveCfg = Release|Any CPU
		{3D670A5A-9505-4A78-97D5-50FBAC812A3B}.Release|Any CPU.Build.0 = Release|Any CPU
		{3D670A5A-9505-4A78-97D5-50FBAC812A3B}.Surveymanager|Any CPU.ActiveCfg = PSVM|Any CPU
		{3D670A5A-9505-4A78-97D5-50FBAC812A3B}.Surveymanager|Any CPU.Build.0 = PSVM|Any CPU
		{3D670A5A-9505-4A78-97D5-50FBAC812A3B}.SurveyManagerNET|Any CPU.ActiveCfg = PSVM|Any CPU
		{3D670A5A-9505-4A78-97D5-50FBAC812A3B}.SurveyManagerNET|Any CPU.Build.0 = PSVM|Any CPU
		{3D670A5A-9505-4A78-97D5-50FBAC812A3B}.SVM|Any CPU.ActiveCfg = PSVM|Any CPU
		{3D670A5A-9505-4A78-97D5-50FBAC812A3B}.SVM|Any CPU.Build.0 = PSVM|Any CPU
		{26E35A86-40FD-4C34-95B2-576917DDEB92}.Adoptionlist|Any CPU.ActiveCfg = Release|Any CPU
		{26E35A86-40FD-4C34-95B2-576917DDEB92}.Adoptionlist|Any CPU.Build.0 = Release|Any CPU
		{26E35A86-40FD-4C34-95B2-576917DDEB92}.Debug|Any CPU.ActiveCfg = Debug|Any CPU
		{26E35A86-40FD-4C34-95B2-576917DDEB92}.Debug|Any CPU.Build.0 = Debug|Any CPU
		{26E35A86-40FD-4C34-95B2-576917DDEB92}.PSVM|Any CPU.ActiveCfg = Release|Any CPU
		{26E35A86-40FD-4C34-95B2-576917DDEB92}.PSVM|Any CPU.Build.0 = Release|Any CPU
		{26E35A86-40FD-4C34-95B2-576917DDEB92}.Release|Any CPU.ActiveCfg = Release|Any CPU
		{26E35A86-40FD-4C34-95B2-576917DDEB92}.Release|Any CPU.Build.0 = Release|Any CPU
		{26E35A86-40FD-4C34-95B2-576917DDEB92}.Surveymanager|Any CPU.ActiveCfg = Release|Any CPU
		{26E35A86-40FD-4C34-95B2-576917DDEB92}.Surveymanager|Any CPU.Build.0 = Release|Any CPU
		{26E35A86-40FD-4C34-95B2-576917DDEB92}.SurveyManagerNET|Any CPU.ActiveCfg = Release|Any CPU
		{26E35A86-40FD-4C34-95B2-576917DDEB92}.SurveyManagerNET|Any CPU.Build.0 = Release|Any CPU
		{26E35A86-40FD-4C34-95B2-576917DDEB92}.SVM|Any CPU.ActiveCfg = Release|Any CPU
		{26E35A86-40FD-4C34-95B2-576917DDEB92}.SVM|Any CPU.Build.0 = Release|Any CPU
		{A9758B86-992F-49E8-97AE-A574D1FDAD0B}.Adoptionlist|Any CPU.ActiveCfg = Release|Any CPU
		{A9758B86-992F-49E8-97AE-A574D1FDAD0B}.Adoptionlist|Any CPU.Build.0 = Release|Any CPU
		{A9758B86-992F-49E8-97AE-A574D1FDAD0B}.Debug|Any CPU.ActiveCfg = Debug|Any CPU
		{A9758B86-992F-49E8-97AE-A574D1FDAD0B}.Debug|Any CPU.Build.0 = Debug|Any CPU
		{A9758B86-992F-49E8-97AE-A574D1FDAD0B}.PSVM|Any CPU.ActiveCfg = Release|Any CPU
		{A9758B86-992F-49E8-97AE-A574D1FDAD0B}.PSVM|Any CPU.Build.0 = Release|Any CPU
		{A9758B86-992F-49E8-97AE-A574D1FDAD0B}.Release|Any CPU.ActiveCfg = Release|Any CPU
		{A9758B86-992F-49E8-97AE-A574D1FDAD0B}.Release|Any CPU.Build.0 = Release|Any CPU
		{A9758B86-992F-49E8-97AE-A574D1FDAD0B}.Surveymanager|Any CPU.ActiveCfg = Release|Any CPU
		{A9758B86-992F-49E8-97AE-A574D1FDAD0B}.Surveymanager|Any CPU.Build.0 = Release|Any CPU
		{A9758B86-992F-49E8-97AE-A574D1FDAD0B}.SurveyManagerNET|Any CPU.ActiveCfg = Release|Any CPU
		{A9758B86-992F-49E8-97AE-A574D1FDAD0B}.SurveyManagerNET|Any CPU.Build.0 = Release|Any CPU
		{A9758B86-992F-49E8-97AE-A574D1FDAD0B}.SVM|Any CPU.ActiveCfg = Release|Any CPU
		{A9758B86-992F-49E8-97AE-A574D1FDAD0B}.SVM|Any CPU.Build.0 = Release|Any CPU
		{08EB78AF-0E23-466D-A5D8-2DDF635CF79C}.Adoptionlist|Any CPU.ActiveCfg = Adoptionlist|Any CPU
		{08EB78AF-0E23-466D-A5D8-2DDF635CF79C}.Adoptionlist|Any CPU.Build.0 = Adoptionlist|Any CPU
		{08EB78AF-0E23-466D-A5D8-2DDF635CF79C}.Debug|Any CPU.ActiveCfg = Debug|Any CPU
		{08EB78AF-0E23-466D-A5D8-2DDF635CF79C}.Debug|Any CPU.Build.0 = Debug|Any CPU
		{08EB78AF-0E23-466D-A5D8-2DDF635CF79C}.PSVM|Any CPU.ActiveCfg = Adoptionlist|Any CPU
		{08EB78AF-0E23-466D-A5D8-2DDF635CF79C}.PSVM|Any CPU.Build.0 = Adoptionlist|Any CPU
		{08EB78AF-0E23-466D-A5D8-2DDF635CF79C}.Release|Any CPU.ActiveCfg = Release|Any CPU
		{08EB78AF-0E23-466D-A5D8-2DDF635CF79C}.Release|Any CPU.Build.0 = Release|Any CPU
		{08EB78AF-0E23-466D-A5D8-2DDF635CF79C}.Surveymanager|Any CPU.ActiveCfg = Surveymanager|Any CPU
		{08EB78AF-0E23-466D-A5D8-2DDF635CF79C}.Surveymanager|Any CPU.Build.0 = Surveymanager|Any CPU
		{08EB78AF-0E23-466D-A5D8-2DDF635CF79C}.SurveyManagerNET|Any CPU.ActiveCfg = Surveymanager|Any CPU
		{08EB78AF-0E23-466D-A5D8-2DDF635CF79C}.SurveyManagerNET|Any CPU.Build.0 = Surveymanager|Any CPU
		{08EB78AF-0E23-466D-A5D8-2DDF635CF79C}.SVM|Any CPU.ActiveCfg = Surveymanager|Any CPU
		{08EB78AF-0E23-466D-A5D8-2DDF635CF79C}.SVM|Any CPU.Build.0 = Surveymanager|Any CPU
		{B4FB3F70-273A-4AA6-A01B-655C0F354534}.Adoptionlist|Any CPU.ActiveCfg = Release|Any CPU
		{B4FB3F70-273A-4AA6-A01B-655C0F354534}.Adoptionlist|Any CPU.Build.0 = Release|Any CPU
		{B4FB3F70-273A-4AA6-A01B-655C0F354534}.Debug|Any CPU.ActiveCfg = Debug|Any CPU
		{B4FB3F70-273A-4AA6-A01B-655C0F354534}.Debug|Any CPU.Build.0 = Debug|Any CPU
		{B4FB3F70-273A-4AA6-A01B-655C0F354534}.PSVM|Any CPU.ActiveCfg = Release|Any CPU
		{B4FB3F70-273A-4AA6-A01B-655C0F354534}.PSVM|Any CPU.Build.0 = Release|Any CPU
		{B4FB3F70-273A-4AA6-A01B-655C0F354534}.Release|Any CPU.ActiveCfg = Release|Any CPU
		{B4FB3F70-273A-4AA6-A01B-655C0F354534}.Release|Any CPU.Build.0 = Release|Any CPU
		{B4FB3F70-273A-4AA6-A01B-655C0F354534}.Surveymanager|Any CPU.ActiveCfg = Release|Any CPU
		{B4FB3F70-273A-4AA6-A01B-655C0F354534}.Surveymanager|Any CPU.Build.0 = Release|Any CPU
		{B4FB3F70-273A-4AA6-A01B-655C0F354534}.SurveyManagerNET|Any CPU.ActiveCfg = Release|Any CPU
		{B4FB3F70-273A-4AA6-A01B-655C0F354534}.SurveyManagerNET|Any CPU.Build.0 = Release|Any CPU
		{B4FB3F70-273A-4AA6-A01B-655C0F354534}.SVM|Any CPU.ActiveCfg = Release|Any CPU
		{B4FB3F70-273A-4AA6-A01B-655C0F354534}.SVM|Any CPU.Build.0 = Release|Any CPU
		{15E04F4C-DDD0-4712-812B-826EAA4CD1F2}.Adoptionlist|Any CPU.ActiveCfg = Release|Any CPU
		{15E04F4C-DDD0-4712-812B-826EAA4CD1F2}.Adoptionlist|Any CPU.Build.0 = Release|Any CPU
		{15E04F4C-DDD0-4712-812B-826EAA4CD1F2}.Debug|Any CPU.ActiveCfg = Debug|Any CPU
		{15E04F4C-DDD0-4712-812B-826EAA4CD1F2}.Debug|Any CPU.Build.0 = Debug|Any CPU
		{15E04F4C-DDD0-4712-812B-826EAA4CD1F2}.PSVM|Any CPU.ActiveCfg = Release|Any CPU
		{15E04F4C-DDD0-4712-812B-826EAA4CD1F2}.PSVM|Any CPU.Build.0 = Release|Any CPU
		{15E04F4C-DDD0-4712-812B-826EAA4CD1F2}.Release|Any CPU.ActiveCfg = Release|Any CPU
		{15E04F4C-DDD0-4712-812B-826EAA4CD1F2}.Release|Any CPU.Build.0 = Release|Any CPU
		{15E04F4C-DDD0-4712-812B-826EAA4CD1F2}.Surveymanager|Any CPU.ActiveCfg = Release|Any CPU
		{15E04F4C-DDD0-4712-812B-826EAA4CD1F2}.Surveymanager|Any CPU.Build.0 = Release|Any CPU
		{15E04F4C-DDD0-4712-812B-826EAA4CD1F2}.SurveyManagerNET|Any CPU.ActiveCfg = Release|Any CPU
		{15E04F4C-DDD0-4712-812B-826EAA4CD1F2}.SurveyManagerNET|Any CPU.Build.0 = Release|Any CPU
		{15E04F4C-DDD0-4712-812B-826EAA4CD1F2}.SVM|Any CPU.ActiveCfg = Release|Any CPU
		{15E04F4C-DDD0-4712-812B-826EAA4CD1F2}.SVM|Any CPU.Build.0 = Release|Any CPU
		{1C0429D4-6497-47EC-9A67-2F8D57ECFBFF}.Adoptionlist|Any CPU.ActiveCfg = Release|Any CPU
		{1C0429D4-6497-47EC-9A67-2F8D57ECFBFF}.Adoptionlist|Any CPU.Build.0 = Release|Any CPU
		{1C0429D4-6497-47EC-9A67-2F8D57ECFBFF}.Debug|Any CPU.ActiveCfg = Debug|Any CPU
		{1C0429D4-6497-47EC-9A67-2F8D57ECFBFF}.Debug|Any CPU.Build.0 = Debug|Any CPU
		{1C0429D4-6497-47EC-9A67-2F8D57ECFBFF}.PSVM|Any CPU.ActiveCfg = Release|Any CPU
		{1C0429D4-6497-47EC-9A67-2F8D57ECFBFF}.PSVM|Any CPU.Build.0 = Release|Any CPU
		{1C0429D4-6497-47EC-9A67-2F8D57ECFBFF}.Release|Any CPU.ActiveCfg = Release|Any CPU
		{1C0429D4-6497-47EC-9A67-2F8D57ECFBFF}.Release|Any CPU.Build.0 = Release|Any CPU
		{1C0429D4-6497-47EC-9A67-2F8D57ECFBFF}.Surveymanager|Any CPU.ActiveCfg = Release|Any CPU
		{1C0429D4-6497-47EC-9A67-2F8D57ECFBFF}.Surveymanager|Any CPU.Build.0 = Release|Any CPU
		{1C0429D4-6497-47EC-9A67-2F8D57ECFBFF}.SurveyManagerNET|Any CPU.ActiveCfg = Release|Any CPU
		{1C0429D4-6497-47EC-9A67-2F8D57ECFBFF}.SurveyManagerNET|Any CPU.Build.0 = Release|Any CPU
		{1C0429D4-6497-47EC-9A67-2F8D57ECFBFF}.SVM|Any CPU.ActiveCfg = Release|Any CPU
		{1C0429D4-6497-47EC-9A67-2F8D57ECFBFF}.SVM|Any CPU.Build.0 = Release|Any CPU
		{62650327-DE37-47EA-BF9C-E877550DCEC2}.Adoptionlist|Any CPU.ActiveCfg = Release|Any CPU
		{62650327-DE37-47EA-BF9C-E877550DCEC2}.Adoptionlist|Any CPU.Build.0 = Release|Any CPU
		{62650327-DE37-47EA-BF9C-E877550DCEC2}.Debug|Any CPU.ActiveCfg = Debug|Any CPU
		{62650327-DE37-47EA-BF9C-E877550DCEC2}.Debug|Any CPU.Build.0 = Debug|Any CPU
		{62650327-DE37-47EA-BF9C-E877550DCEC2}.PSVM|Any CPU.ActiveCfg = Release|Any CPU
		{62650327-DE37-47EA-BF9C-E877550DCEC2}.PSVM|Any CPU.Build.0 = Release|Any CPU
		{62650327-DE37-47EA-BF9C-E877550DCEC2}.Release|Any CPU.ActiveCfg = Release|Any CPU
		{62650327-DE37-47EA-BF9C-E877550DCEC2}.Release|Any CPU.Build.0 = Release|Any CPU
		{62650327-DE37-47EA-BF9C-E877550DCEC2}.Surveymanager|Any CPU.ActiveCfg = Release|Any CPU
		{62650327-DE37-47EA-BF9C-E877550DCEC2}.Surveymanager|Any CPU.Build.0 = Release|Any CPU
		{62650327-DE37-47EA-BF9C-E877550DCEC2}.SurveyManagerNET|Any CPU.ActiveCfg = Release|Any CPU
		{62650327-DE37-47EA-BF9C-E877550DCEC2}.SurveyManagerNET|Any CPU.Build.0 = Release|Any CPU
		{62650327-DE37-47EA-BF9C-E877550DCEC2}.SVM|Any CPU.ActiveCfg = Release|Any CPU
		{62650327-DE37-47EA-BF9C-E877550DCEC2}.SVM|Any CPU.Build.0 = Release|Any CPU
		{06DB707B-394D-4C63-9B8A-524B6CC36DE1}.Adoptionlist|Any CPU.ActiveCfg = Surveymanager|Any CPU
		{06DB707B-394D-4C63-9B8A-524B6CC36DE1}.Adoptionlist|Any CPU.Build.0 = Surveymanager|Any CPU
		{06DB707B-394D-4C63-9B8A-524B6CC36DE1}.Debug|Any CPU.ActiveCfg = Debug|Any CPU
		{06DB707B-394D-4C63-9B8A-524B6CC36DE1}.Debug|Any CPU.Build.0 = Debug|Any CPU
		{06DB707B-394D-4C63-9B8A-524B6CC36DE1}.PSVM|Any CPU.ActiveCfg = Surveymanager|Any CPU
		{06DB707B-394D-4C63-9B8A-524B6CC36DE1}.PSVM|Any CPU.Build.0 = Surveymanager|Any CPU
		{06DB707B-394D-4C63-9B8A-524B6CC36DE1}.Release|Any CPU.ActiveCfg = Release|Any CPU
		{06DB707B-394D-4C63-9B8A-524B6CC36DE1}.Release|Any CPU.Build.0 = Release|Any CPU
		{06DB707B-394D-4C63-9B8A-524B6CC36DE1}.Surveymanager|Any CPU.ActiveCfg = Surveymanager|Any CPU
		{06DB707B-394D-4C63-9B8A-524B6CC36DE1}.Surveymanager|Any CPU.Build.0 = Surveymanager|Any CPU
		{06DB707B-394D-4C63-9B8A-524B6CC36DE1}.SurveyManagerNET|Any CPU.ActiveCfg = Surveymanager|Any CPU
		{06DB707B-394D-4C63-9B8A-524B6CC36DE1}.SurveyManagerNET|Any CPU.Build.0 = Surveymanager|Any CPU
		{06DB707B-394D-4C63-9B8A-524B6CC36DE1}.SVM|Any CPU.ActiveCfg = Surveymanager|Any CPU
		{06DB707B-394D-4C63-9B8A-524B6CC36DE1}.SVM|Any CPU.Build.0 = Surveymanager|Any CPU
		{F8BDDE2D-AE94-4EA4-96CC-E2DD7DBB823E}.Adoptionlist|Any CPU.ActiveCfg = Release|Any CPU
		{F8BDDE2D-AE94-4EA4-96CC-E2DD7DBB823E}.Adoptionlist|Any CPU.Build.0 = Release|Any CPU
		{F8BDDE2D-AE94-4EA4-96CC-E2DD7DBB823E}.Debug|Any CPU.ActiveCfg = Debug|Any CPU
		{F8BDDE2D-AE94-4EA4-96CC-E2DD7DBB823E}.Debug|Any CPU.Build.0 = Debug|Any CPU
		{F8BDDE2D-AE94-4EA4-96CC-E2DD7DBB823E}.PSVM|Any CPU.ActiveCfg = Release|Any CPU
		{F8BDDE2D-AE94-4EA4-96CC-E2DD7DBB823E}.PSVM|Any CPU.Build.0 = Release|Any CPU
		{F8BDDE2D-AE94-4EA4-96CC-E2DD7DBB823E}.Release|Any CPU.ActiveCfg = Release|Any CPU
		{F8BDDE2D-AE94-4EA4-96CC-E2DD7DBB823E}.Release|Any CPU.Build.0 = Release|Any CPU
		{F8BDDE2D-AE94-4EA4-96CC-E2DD7DBB823E}.Surveymanager|Any CPU.ActiveCfg = Release|Any CPU
		{F8BDDE2D-AE94-4EA4-96CC-E2DD7DBB823E}.Surveymanager|Any CPU.Build.0 = Release|Any CPU
		{F8BDDE2D-AE94-4EA4-96CC-E2DD7DBB823E}.SurveyManagerNET|Any CPU.ActiveCfg = Release|Any CPU
		{F8BDDE2D-AE94-4EA4-96CC-E2DD7DBB823E}.SurveyManagerNET|Any CPU.Build.0 = Release|Any CPU
		{F8BDDE2D-AE94-4EA4-96CC-E2DD7DBB823E}.SVM|Any CPU.ActiveCfg = Release|Any CPU
		{F8BDDE2D-AE94-4EA4-96CC-E2DD7DBB823E}.SVM|Any CPU.Build.0 = Release|Any CPU
		{E7ADA8C2-3E4C-43EF-B83A-586D045A7490}.Adoptionlist|Any CPU.ActiveCfg = SurveyManagerNET|Any CPU
		{E7ADA8C2-3E4C-43EF-B83A-586D045A7490}.Adoptionlist|Any CPU.Build.0 = SurveyManagerNET|Any CPU
		{E7ADA8C2-3E4C-43EF-B83A-586D045A7490}.Debug|Any CPU.ActiveCfg = Debug|Any CPU
		{E7ADA8C2-3E4C-43EF-B83A-586D045A7490}.Debug|Any CPU.Build.0 = Debug|Any CPU
		{E7ADA8C2-3E4C-43EF-B83A-586D045A7490}.PSVM|Any CPU.ActiveCfg = SurveyManagerNET|Any CPU
		{E7ADA8C2-3E4C-43EF-B83A-586D045A7490}.PSVM|Any CPU.Build.0 = SurveyManagerNET|Any CPU
		{E7ADA8C2-3E4C-43EF-B83A-586D045A7490}.Release|Any CPU.ActiveCfg = Release|Any CPU
		{E7ADA8C2-3E4C-43EF-B83A-586D045A7490}.Release|Any CPU.Build.0 = Release|Any CPU
		{E7ADA8C2-3E4C-43EF-B83A-586D045A7490}.Surveymanager|Any CPU.ActiveCfg = SurveyManagerNET|Any CPU
		{E7ADA8C2-3E4C-43EF-B83A-586D045A7490}.Surveymanager|Any CPU.Build.0 = SurveyManagerNET|Any CPU
		{E7ADA8C2-3E4C-43EF-B83A-586D045A7490}.SurveyManagerNET|Any CPU.ActiveCfg = SurveyManagerNET|Any CPU
		{E7ADA8C2-3E4C-43EF-B83A-586D045A7490}.SurveyManagerNET|Any CPU.Build.0 = SurveyManagerNET|Any CPU
		{E7ADA8C2-3E4C-43EF-B83A-586D045A7490}.SVM|Any CPU.ActiveCfg = SurveyManagerNET|Any CPU
		{E7ADA8C2-3E4C-43EF-B83A-586D045A7490}.SVM|Any CPU.Build.0 = SurveyManagerNET|Any CPU
		{BEA0A97A-1B6A-4A54-9047-216FF30C7271}.Adoptionlist|Any CPU.ActiveCfg = Release|Any CPU
		{BEA0A97A-1B6A-4A54-9047-216FF30C7271}.Adoptionlist|Any CPU.Build.0 = Release|Any CPU
		{BEA0A97A-1B6A-4A54-9047-216FF30C7271}.Debug|Any CPU.ActiveCfg = Debug|Any CPU
		{BEA0A97A-1B6A-4A54-9047-216FF30C7271}.Debug|Any CPU.Build.0 = Debug|Any CPU
		{BEA0A97A-1B6A-4A54-9047-216FF30C7271}.PSVM|Any CPU.ActiveCfg = Release|Any CPU
		{BEA0A97A-1B6A-4A54-9047-216FF30C7271}.PSVM|Any CPU.Build.0 = Release|Any CPU
		{BEA0A97A-1B6A-4A54-9047-216FF30C7271}.Release|Any CPU.ActiveCfg = Release|Any CPU
		{BEA0A97A-1B6A-4A54-9047-216FF30C7271}.Release|Any CPU.Build.0 = Release|Any CPU
		{BEA0A97A-1B6A-4A54-9047-216FF30C7271}.Surveymanager|Any CPU.ActiveCfg = Release|Any CPU
		{BEA0A97A-1B6A-4A54-9047-216FF30C7271}.Surveymanager|Any CPU.Build.0 = Release|Any CPU
		{BEA0A97A-1B6A-4A54-9047-216FF30C7271}.SurveyManagerNET|Any CPU.ActiveCfg = Release|Any CPU
		{BEA0A97A-1B6A-4A54-9047-216FF30C7271}.SurveyManagerNET|Any CPU.Build.0 = Release|Any CPU
		{BEA0A97A-1B6A-4A54-9047-216FF30C7271}.SVM|Any CPU.ActiveCfg = Release|Any CPU
		{BEA0A97A-1B6A-4A54-9047-216FF30C7271}.SVM|Any CPU.Build.0 = Release|Any CPU
		{FC8E09AC-7661-42C8-94FC-CE2D10AE3F66}.Adoptionlist|Any CPU.ActiveCfg = Release|Any CPU
		{FC8E09AC-7661-42C8-94FC-CE2D10AE3F66}.Adoptionlist|Any CPU.Build.0 = Release|Any CPU
		{FC8E09AC-7661-42C8-94FC-CE2D10AE3F66}.Debug|Any CPU.ActiveCfg = Debug|Any CPU
		{FC8E09AC-7661-42C8-94FC-CE2D10AE3F66}.Debug|Any CPU.Build.0 = Debug|Any CPU
		{FC8E09AC-7661-42C8-94FC-CE2D10AE3F66}.PSVM|Any CPU.ActiveCfg = Release|Any CPU
		{FC8E09AC-7661-42C8-94FC-CE2D10AE3F66}.PSVM|Any CPU.Build.0 = Release|Any CPU
		{FC8E09AC-7661-42C8-94FC-CE2D10AE3F66}.Release|Any CPU.ActiveCfg = Release|Any CPU
		{FC8E09AC-7661-42C8-94FC-CE2D10AE3F66}.Release|Any CPU.Build.0 = Release|Any CPU
		{FC8E09AC-7661-42C8-94FC-CE2D10AE3F66}.Surveymanager|Any CPU.ActiveCfg = Release|Any CPU
		{FC8E09AC-7661-42C8-94FC-CE2D10AE3F66}.Surveymanager|Any CPU.Build.0 = Release|Any CPU
		{FC8E09AC-7661-42C8-94FC-CE2D10AE3F66}.SurveyManagerNET|Any CPU.ActiveCfg = Release|Any CPU
		{FC8E09AC-7661-42C8-94FC-CE2D10AE3F66}.SurveyManagerNET|Any CPU.Build.0 = Release|Any CPU
		{FC8E09AC-7661-42C8-94FC-CE2D10AE3F66}.SVM|Any CPU.ActiveCfg = Release|Any CPU
		{FC8E09AC-7661-42C8-94FC-CE2D10AE3F66}.SVM|Any CPU.Build.0 = Release|Any CPU
		{879BA6F0-70E2-419D-9BCB-BBCC8552AEC5}.Adoptionlist|Any CPU.ActiveCfg = Release|Any CPU
		{879BA6F0-70E2-419D-9BCB-BBCC8552AEC5}.Adoptionlist|Any CPU.Build.0 = Release|Any CPU
		{879BA6F0-70E2-419D-9BCB-BBCC8552AEC5}.Debug|Any CPU.ActiveCfg = Debug|Any CPU
		{879BA6F0-70E2-419D-9BCB-BBCC8552AEC5}.Debug|Any CPU.Build.0 = Debug|Any CPU
		{879BA6F0-70E2-419D-9BCB-BBCC8552AEC5}.PSVM|Any CPU.ActiveCfg = Release|Any CPU
		{879BA6F0-70E2-419D-9BCB-BBCC8552AEC5}.PSVM|Any CPU.Build.0 = Release|Any CPU
		{879BA6F0-70E2-419D-9BCB-BBCC8552AEC5}.Release|Any CPU.ActiveCfg = Release|Any CPU
		{879BA6F0-70E2-419D-9BCB-BBCC8552AEC5}.Release|Any CPU.Build.0 = Release|Any CPU
		{879BA6F0-70E2-419D-9BCB-BBCC8552AEC5}.Surveymanager|Any CPU.ActiveCfg = Release|Any CPU
		{879BA6F0-70E2-419D-9BCB-BBCC8552AEC5}.Surveymanager|Any CPU.Build.0 = Release|Any CPU
		{879BA6F0-70E2-419D-9BCB-BBCC8552AEC5}.SurveyManagerNET|Any CPU.ActiveCfg = Release|Any CPU
		{879BA6F0-70E2-419D-9BCB-BBCC8552AEC5}.SurveyManagerNET|Any CPU.Build.0 = Release|Any CPU
		{879BA6F0-70E2-419D-9BCB-BBCC8552AEC5}.SVM|Any CPU.ActiveCfg = Release|Any CPU
		{879BA6F0-70E2-419D-9BCB-BBCC8552AEC5}.SVM|Any CPU.Build.0 = Release|Any CPU
		{5D5B0EA4-7D2D-462D-89EA-A2DEB7363F1F}.Adoptionlist|Any CPU.ActiveCfg = Release|Any CPU
		{5D5B0EA4-7D2D-462D-89EA-A2DEB7363F1F}.Adoptionlist|Any CPU.Build.0 = Release|Any CPU
		{5D5B0EA4-7D2D-462D-89EA-A2DEB7363F1F}.Debug|Any CPU.ActiveCfg = Debug|Any CPU
		{5D5B0EA4-7D2D-462D-89EA-A2DEB7363F1F}.Debug|Any CPU.Build.0 = Debug|Any CPU
		{5D5B0EA4-7D2D-462D-89EA-A2DEB7363F1F}.PSVM|Any CPU.ActiveCfg = Release|Any CPU
		{5D5B0EA4-7D2D-462D-89EA-A2DEB7363F1F}.PSVM|Any CPU.Build.0 = Release|Any CPU
		{5D5B0EA4-7D2D-462D-89EA-A2DEB7363F1F}.Release|Any CPU.ActiveCfg = Release|Any CPU
		{5D5B0EA4-7D2D-462D-89EA-A2DEB7363F1F}.Release|Any CPU.Build.0 = Release|Any CPU
		{5D5B0EA4-7D2D-462D-89EA-A2DEB7363F1F}.Surveymanager|Any CPU.ActiveCfg = Release|Any CPU
		{5D5B0EA4-7D2D-462D-89EA-A2DEB7363F1F}.Surveymanager|Any CPU.Build.0 = Release|Any CPU
		{5D5B0EA4-7D2D-462D-89EA-A2DEB7363F1F}.SurveyManagerNET|Any CPU.ActiveCfg = Release|Any CPU
		{5D5B0EA4-7D2D-462D-89EA-A2DEB7363F1F}.SurveyManagerNET|Any CPU.Build.0 = Release|Any CPU
		{5D5B0EA4-7D2D-462D-89EA-A2DEB7363F1F}.SVM|Any CPU.ActiveCfg = Release|Any CPU
		{5D5B0EA4-7D2D-462D-89EA-A2DEB7363F1F}.SVM|Any CPU.Build.0 = Release|Any CPU
		{27094AE1-5384-474A-B65C-0D65AA6812FF}.Adoptionlist|Any CPU.ActiveCfg = Release|Any CPU
		{27094AE1-5384-474A-B65C-0D65AA6812FF}.Adoptionlist|Any CPU.Build.0 = Release|Any CPU
		{27094AE1-5384-474A-B65C-0D65AA6812FF}.Debug|Any CPU.ActiveCfg = Debug|Any CPU
		{27094AE1-5384-474A-B65C-0D65AA6812FF}.Debug|Any CPU.Build.0 = Debug|Any CPU
		{27094AE1-5384-474A-B65C-0D65AA6812FF}.PSVM|Any CPU.ActiveCfg = Release|Any CPU
		{27094AE1-5384-474A-B65C-0D65AA6812FF}.PSVM|Any CPU.Build.0 = Release|Any CPU
		{27094AE1-5384-474A-B65C-0D65AA6812FF}.Release|Any CPU.ActiveCfg = Release|Any CPU
		{27094AE1-5384-474A-B65C-0D65AA6812FF}.Release|Any CPU.Build.0 = Release|Any CPU
		{27094AE1-5384-474A-B65C-0D65AA6812FF}.Surveymanager|Any CPU.ActiveCfg = Release|Any CPU
		{27094AE1-5384-474A-B65C-0D65AA6812FF}.Surveymanager|Any CPU.Build.0 = Release|Any CPU
		{27094AE1-5384-474A-B65C-0D65AA6812FF}.SurveyManagerNET|Any CPU.ActiveCfg = Release|Any CPU
		{27094AE1-5384-474A-B65C-0D65AA6812FF}.SurveyManagerNET|Any CPU.Build.0 = Release|Any CPU
		{27094AE1-5384-474A-B65C-0D65AA6812FF}.SVM|Any CPU.ActiveCfg = Release|Any CPU
		{27094AE1-5384-474A-B65C-0D65AA6812FF}.SVM|Any CPU.Build.0 = Release|Any CPU
		{095EB455-CA46-46E5-8AF1-A9B6C07022D1}.Adoptionlist|Any CPU.ActiveCfg = Release|Any CPU
		{095EB455-CA46-46E5-8AF1-A9B6C07022D1}.Adoptionlist|Any CPU.Build.0 = Release|Any CPU
		{095EB455-CA46-46E5-8AF1-A9B6C07022D1}.Debug|Any CPU.ActiveCfg = Debug|Any CPU
		{095EB455-CA46-46E5-8AF1-A9B6C07022D1}.Debug|Any CPU.Build.0 = Debug|Any CPU
		{095EB455-CA46-46E5-8AF1-A9B6C07022D1}.PSVM|Any CPU.ActiveCfg = Release|Any CPU
		{095EB455-CA46-46E5-8AF1-A9B6C07022D1}.PSVM|Any CPU.Build.0 = Release|Any CPU
		{095EB455-CA46-46E5-8AF1-A9B6C07022D1}.Release|Any CPU.ActiveCfg = Release|Any CPU
		{095EB455-CA46-46E5-8AF1-A9B6C07022D1}.Release|Any CPU.Build.0 = Release|Any CPU
		{095EB455-CA46-46E5-8AF1-A9B6C07022D1}.Surveymanager|Any CPU.ActiveCfg = Release|Any CPU
		{095EB455-CA46-46E5-8AF1-A9B6C07022D1}.Surveymanager|Any CPU.Build.0 = Release|Any CPU
		{095EB455-CA46-46E5-8AF1-A9B6C07022D1}.SurveyManagerNET|Any CPU.ActiveCfg = Release|Any CPU
		{095EB455-CA46-46E5-8AF1-A9B6C07022D1}.SurveyManagerNET|Any CPU.Build.0 = Release|Any CPU
		{095EB455-CA46-46E5-8AF1-A9B6C07022D1}.SVM|Any CPU.ActiveCfg = Release|Any CPU
		{095EB455-CA46-46E5-8AF1-A9B6C07022D1}.SVM|Any CPU.Build.0 = Release|Any CPU
		{84C2194D-4A51-4030-BF9B-A2CD44CB4DD7}.Adoptionlist|Any CPU.ActiveCfg = SVM|Any CPU
		{84C2194D-4A51-4030-BF9B-A2CD44CB4DD7}.Adoptionlist|Any CPU.Build.0 = SVM|Any CPU
		{84C2194D-4A51-4030-BF9B-A2CD44CB4DD7}.Debug|Any CPU.ActiveCfg = Debug|Any CPU
		{84C2194D-4A51-4030-BF9B-A2CD44CB4DD7}.Debug|Any CPU.Build.0 = Debug|Any CPU
		{84C2194D-4A51-4030-BF9B-A2CD44CB4DD7}.PSVM|Any CPU.ActiveCfg = SVM|Any CPU
		{84C2194D-4A51-4030-BF9B-A2CD44CB4DD7}.PSVM|Any CPU.Build.0 = SVM|Any CPU
		{84C2194D-4A51-4030-BF9B-A2CD44CB4DD7}.Release|Any CPU.ActiveCfg = Release|Any CPU
		{84C2194D-4A51-4030-BF9B-A2CD44CB4DD7}.Release|Any CPU.Build.0 = Release|Any CPU
		{84C2194D-4A51-4030-BF9B-A2CD44CB4DD7}.Surveymanager|Any CPU.ActiveCfg = SVM|Any CPU
		{84C2194D-4A51-4030-BF9B-A2CD44CB4DD7}.Surveymanager|Any CPU.Build.0 = SVM|Any CPU
		{84C2194D-4A51-4030-BF9B-A2CD44CB4DD7}.SurveyManagerNET|Any CPU.ActiveCfg = SVM|Any CPU
		{84C2194D-4A51-4030-BF9B-A2CD44CB4DD7}.SurveyManagerNET|Any CPU.Build.0 = SVM|Any CPU
		{84C2194D-4A51-4030-BF9B-A2CD44CB4DD7}.SVM|Any CPU.ActiveCfg = SVM|Any CPU
		{84C2194D-4A51-4030-BF9B-A2CD44CB4DD7}.SVM|Any CPU.Build.0 = SVM|Any CPU
		{7E6E8943-2068-4980-87CE-E29579D54735}.Adoptionlist|Any CPU.ActiveCfg = Release|Any CPU
		{7E6E8943-2068-4980-87CE-E29579D54735}.Adoptionlist|Any CPU.Build.0 = Release|Any CPU
		{7E6E8943-2068-4980-87CE-E29579D54735}.Debug|Any CPU.ActiveCfg = Debug|Any CPU
		{7E6E8943-2068-4980-87CE-E29579D54735}.Debug|Any CPU.Build.0 = Debug|Any CPU
		{7E6E8943-2068-4980-87CE-E29579D54735}.PSVM|Any CPU.ActiveCfg = Release|Any CPU
		{7E6E8943-2068-4980-87CE-E29579D54735}.PSVM|Any CPU.Build.0 = Release|Any CPU
		{7E6E8943-2068-4980-87CE-E29579D54735}.Release|Any CPU.ActiveCfg = Release|Any CPU
		{7E6E8943-2068-4980-87CE-E29579D54735}.Release|Any CPU.Build.0 = Release|Any CPU
		{7E6E8943-2068-4980-87CE-E29579D54735}.Surveymanager|Any CPU.ActiveCfg = Release|Any CPU
		{7E6E8943-2068-4980-87CE-E29579D54735}.Surveymanager|Any CPU.Build.0 = Release|Any CPU
		{7E6E8943-2068-4980-87CE-E29579D54735}.SurveyManagerNET|Any CPU.ActiveCfg = Release|Any CPU
		{7E6E8943-2068-4980-87CE-E29579D54735}.SurveyManagerNET|Any CPU.Build.0 = Release|Any CPU
		{7E6E8943-2068-4980-87CE-E29579D54735}.SVM|Any CPU.ActiveCfg = Release|Any CPU
		{7E6E8943-2068-4980-87CE-E29579D54735}.SVM|Any CPU.Build.0 = Release|Any CPU
		{F6A477D5-5B99-4454-9749-654D7EEC2370}.Adoptionlist|Any CPU.ActiveCfg = SurveyManagerNET|Any CPU
		{F6A477D5-5B99-4454-9749-654D7EEC2370}.Adoptionlist|Any CPU.Build.0 = SurveyManagerNET|Any CPU
		{F6A477D5-5B99-4454-9749-654D7EEC2370}.Debug|Any CPU.ActiveCfg = Debug|Any CPU
		{F6A477D5-5B99-4454-9749-654D7EEC2370}.Debug|Any CPU.Build.0 = Debug|Any CPU
		{F6A477D5-5B99-4454-9749-654D7EEC2370}.PSVM|Any CPU.ActiveCfg = SurveyManagerNET|Any CPU
		{F6A477D5-5B99-4454-9749-654D7EEC2370}.PSVM|Any CPU.Build.0 = SurveyManagerNET|Any CPU
		{F6A477D5-5B99-4454-9749-654D7EEC2370}.Release|Any CPU.ActiveCfg = Release|Any CPU
		{F6A477D5-5B99-4454-9749-654D7EEC2370}.Release|Any CPU.Build.0 = Release|Any CPU
		{F6A477D5-5B99-4454-9749-654D7EEC2370}.Surveymanager|Any CPU.ActiveCfg = SurveyManagerNET|Any CPU
		{F6A477D5-5B99-4454-9749-654D7EEC2370}.Surveymanager|Any CPU.Build.0 = SurveyManagerNET|Any CPU
		{F6A477D5-5B99-4454-9749-654D7EEC2370}.SurveyManagerNET|Any CPU.ActiveCfg = SurveyManagerNET|Any CPU
		{F6A477D5-5B99-4454-9749-654D7EEC2370}.SurveyManagerNET|Any CPU.Build.0 = SurveyManagerNET|Any CPU
		{F6A477D5-5B99-4454-9749-654D7EEC2370}.SVM|Any CPU.ActiveCfg = SurveyManagerNET|Any CPU
		{F6A477D5-5B99-4454-9749-654D7EEC2370}.SVM|Any CPU.Build.0 = SurveyManagerNET|Any CPU
		{AF6467D8-502B-40B0-AFEE-460B773167A0}.Adoptionlist|Any CPU.ActiveCfg = SurveyManagerNET|Any CPU
		{AF6467D8-502B-40B0-AFEE-460B773167A0}.Adoptionlist|Any CPU.Build.0 = SurveyManagerNET|Any CPU
		{AF6467D8-502B-40B0-AFEE-460B773167A0}.Debug|Any CPU.ActiveCfg = Debug|Any CPU
		{AF6467D8-502B-40B0-AFEE-460B773167A0}.Debug|Any CPU.Build.0 = Debug|Any CPU
		{AF6467D8-502B-40B0-AFEE-460B773167A0}.PSVM|Any CPU.ActiveCfg = PSVM|Any CPU
		{AF6467D8-502B-40B0-AFEE-460B773167A0}.PSVM|Any CPU.Build.0 = PSVM|Any CPU
		{AF6467D8-502B-40B0-AFEE-460B773167A0}.Release|Any CPU.ActiveCfg = Release|Any CPU
		{AF6467D8-502B-40B0-AFEE-460B773167A0}.Release|Any CPU.Build.0 = Release|Any CPU
		{AF6467D8-502B-40B0-AFEE-460B773167A0}.Surveymanager|Any CPU.ActiveCfg = SurveyManagerNET|Any CPU
		{AF6467D8-502B-40B0-AFEE-460B773167A0}.Surveymanager|Any CPU.Build.0 = SurveyManagerNET|Any CPU
		{AF6467D8-502B-40B0-AFEE-460B773167A0}.SurveyManagerNET|Any CPU.ActiveCfg = SurveyManagerNET|Any CPU
		{AF6467D8-502B-40B0-AFEE-460B773167A0}.SurveyManagerNET|Any CPU.Build.0 = SurveyManagerNET|Any CPU
		{AF6467D8-502B-40B0-AFEE-460B773167A0}.SVM|Any CPU.ActiveCfg = PSVM|Any CPU
		{AF6467D8-502B-40B0-AFEE-460B773167A0}.SVM|Any CPU.Build.0 = PSVM|Any CPU
		{818168CE-6CBF-445D-BD1E-7497E7CA7438}.Adoptionlist|Any CPU.ActiveCfg = Release|Any CPU
		{818168CE-6CBF-445D-BD1E-7497E7CA7438}.Adoptionlist|Any CPU.Build.0 = Release|Any CPU
		{818168CE-6CBF-445D-BD1E-7497E7CA7438}.Debug|Any CPU.ActiveCfg = Debug|Any CPU
		{818168CE-6CBF-445D-BD1E-7497E7CA7438}.Debug|Any CPU.Build.0 = Debug|Any CPU
		{818168CE-6CBF-445D-BD1E-7497E7CA7438}.PSVM|Any CPU.ActiveCfg = Release|Any CPU
		{818168CE-6CBF-445D-BD1E-7497E7CA7438}.PSVM|Any CPU.Build.0 = Release|Any CPU
		{818168CE-6CBF-445D-BD1E-7497E7CA7438}.Release|Any CPU.ActiveCfg = Release|Any CPU
		{818168CE-6CBF-445D-BD1E-7497E7CA7438}.Release|Any CPU.Build.0 = Release|Any CPU
		{818168CE-6CBF-445D-BD1E-7497E7CA7438}.Surveymanager|Any CPU.ActiveCfg = Release|Any CPU
		{818168CE-6CBF-445D-BD1E-7497E7CA7438}.Surveymanager|Any CPU.Build.0 = Release|Any CPU
		{818168CE-6CBF-445D-BD1E-7497E7CA7438}.SurveyManagerNET|Any CPU.ActiveCfg = Release|Any CPU
		{818168CE-6CBF-445D-BD1E-7497E7CA7438}.SurveyManagerNET|Any CPU.Build.0 = Release|Any CPU
		{818168CE-6CBF-445D-BD1E-7497E7CA7438}.SVM|Any CPU.ActiveCfg = Release|Any CPU
		{818168CE-6CBF-445D-BD1E-7497E7CA7438}.SVM|Any CPU.Build.0 = Release|Any CPU
		{455D20B3-B4F8-4693-A1C4-918A79150EF2}.Adoptionlist|Any CPU.ActiveCfg = Release|Any CPU
		{455D20B3-B4F8-4693-A1C4-918A79150EF2}.Adoptionlist|Any CPU.Build.0 = Release|Any CPU
		{455D20B3-B4F8-4693-A1C4-918A79150EF2}.Debug|Any CPU.ActiveCfg = Debug|Any CPU
		{455D20B3-B4F8-4693-A1C4-918A79150EF2}.Debug|Any CPU.Build.0 = Debug|Any CPU
		{455D20B3-B4F8-4693-A1C4-918A79150EF2}.PSVM|Any CPU.ActiveCfg = Release|Any CPU
		{455D20B3-B4F8-4693-A1C4-918A79150EF2}.PSVM|Any CPU.Build.0 = Release|Any CPU
		{455D20B3-B4F8-4693-A1C4-918A79150EF2}.Release|Any CPU.ActiveCfg = Release|Any CPU
		{455D20B3-B4F8-4693-A1C4-918A79150EF2}.Release|Any CPU.Build.0 = Release|Any CPU
		{455D20B3-B4F8-4693-A1C4-918A79150EF2}.Surveymanager|Any CPU.ActiveCfg = Release|Any CPU
		{455D20B3-B4F8-4693-A1C4-918A79150EF2}.Surveymanager|Any CPU.Build.0 = Release|Any CPU
		{455D20B3-B4F8-4693-A1C4-918A79150EF2}.SurveyManagerNET|Any CPU.ActiveCfg = Release|Any CPU
		{455D20B3-B4F8-4693-A1C4-918A79150EF2}.SurveyManagerNET|Any CPU.Build.0 = Release|Any CPU
		{455D20B3-B4F8-4693-A1C4-918A79150EF2}.SVM|Any CPU.ActiveCfg = Release|Any CPU
		{455D20B3-B4F8-4693-A1C4-918A79150EF2}.SVM|Any CPU.Build.0 = Release|Any CPU
	EndGlobalSection
	GlobalSection(SolutionProperties) = preSolution
		HideSolutionNode = FALSE
	EndGlobalSection
	GlobalSection(NestedProjects) = preSolution
		{16F64D2A-67F7-4DE8-91E1-E095ACB5CD5B} = {873D23E4-9BB2-43FC-8F70-2806B0DBFAA8}
		{0543177B-BF4C-4206-A044-687D0464AEA0} = {873D23E4-9BB2-43FC-8F70-2806B0DBFAA8}
		{B454AA9F-9B37-431D-8665-5F8B5146FDCB} = {873D23E4-9BB2-43FC-8F70-2806B0DBFAA8}
		{65C8E88A-BF30-47AA-A077-41BDF7B94CA7} = {873D23E4-9BB2-43FC-8F70-2806B0DBFAA8}
		{4B6B75CA-480B-4927-841F-7833546C6364} = {873D23E4-9BB2-43FC-8F70-2806B0DBFAA8}
		{313ED8A5-44C1-422C-8876-760976C0ABFC} = {873D23E4-9BB2-43FC-8F70-2806B0DBFAA8}
		{21C2CC4E-E53E-4B64-BF19-0E5B332B1356} = {873D23E4-9BB2-43FC-8F70-2806B0DBFAA8}
		{A4D83A04-35B0-488E-83EC-4460047ACCE5} = {873D23E4-9BB2-43FC-8F70-2806B0DBFAA8}
		{5032CF36-DD1F-4B1C-A47D-B8BC78D66B6B} = {873D23E4-9BB2-43FC-8F70-2806B0DBFAA8}
		{18A2A3BE-684D-4480-AE65-471BA211A582} = {873D23E4-9BB2-43FC-8F70-2806B0DBFAA8}
		{A0B3AAE6-E1CD-4866-B8DB-AF7C61B0F517} = {873D23E4-9BB2-43FC-8F70-2806B0DBFAA8}
		{3B9CA648-02BA-44DC-869D-E16745831195} = {873D23E4-9BB2-43FC-8F70-2806B0DBFAA8}
		{F67A4B07-AC77-4E01-8879-7B1D649E0842} = {873D23E4-9BB2-43FC-8F70-2806B0DBFAA8}
		{FAA92B77-DFAB-4138-9EDB-D037144677A7} = {873D23E4-9BB2-43FC-8F70-2806B0DBFAA8}
		{A919EDC2-709E-4356-BF53-AC8B091087F7} = {873D23E4-9BB2-43FC-8F70-2806B0DBFAA8}
		{11F8A1FE-5EBB-4492-A825-BF418A377E46} = {873D23E4-9BB2-43FC-8F70-2806B0DBFAA8}
		{E79C5AE2-8B9E-4781-98E7-6D8E4AC2C0E1} = {873D23E4-9BB2-43FC-8F70-2806B0DBFAA8}
		{01006A9C-384E-4A86-A2A1-24D798B3F02E} = {873D23E4-9BB2-43FC-8F70-2806B0DBFAA8}
		{A9758B86-992F-49E8-97AE-A574D1FDAD0B} = {B08A6173-9134-4A97-8B96-7E878373E523}
		{08EB78AF-0E23-466D-A5D8-2DDF635CF79C} = {337D3051-7E6F-4F21-B73C-FCD5FFC6797D}
		{B4FB3F70-273A-4AA6-A01B-655C0F354534} = {337D3051-7E6F-4F21-B73C-FCD5FFC6797D}
		{15E04F4C-DDD0-4712-812B-826EAA4CD1F2} = {337D3051-7E6F-4F21-B73C-FCD5FFC6797D}
		{1C0429D4-6497-47EC-9A67-2F8D57ECFBFF} = {337D3051-7E6F-4F21-B73C-FCD5FFC6797D}
		{62650327-DE37-47EA-BF9C-E877550DCEC2} = {337D3051-7E6F-4F21-B73C-FCD5FFC6797D}
		{06DB707B-394D-4C63-9B8A-524B6CC36DE1} = {337D3051-7E6F-4F21-B73C-FCD5FFC6797D}
		{F8BDDE2D-AE94-4EA4-96CC-E2DD7DBB823E} = {337D3051-7E6F-4F21-B73C-FCD5FFC6797D}
		{E7ADA8C2-3E4C-43EF-B83A-586D045A7490} = {337D3051-7E6F-4F21-B73C-FCD5FFC6797D}
		{BEA0A97A-1B6A-4A54-9047-216FF30C7271} = {337D3051-7E6F-4F21-B73C-FCD5FFC6797D}
		{FC8E09AC-7661-42C8-94FC-CE2D10AE3F66} = {337D3051-7E6F-4F21-B73C-FCD5FFC6797D}
		{879BA6F0-70E2-419D-9BCB-BBCC8552AEC5} = {337D3051-7E6F-4F21-B73C-FCD5FFC6797D}
		{5D5B0EA4-7D2D-462D-89EA-A2DEB7363F1F} = {337D3051-7E6F-4F21-B73C-FCD5FFC6797D}
		{27094AE1-5384-474A-B65C-0D65AA6812FF} = {337D3051-7E6F-4F21-B73C-FCD5FFC6797D}
		{095EB455-CA46-46E5-8AF1-A9B6C07022D1} = {337D3051-7E6F-4F21-B73C-FCD5FFC6797D}
		{84C2194D-4A51-4030-BF9B-A2CD44CB4DD7} = {337D3051-7E6F-4F21-B73C-FCD5FFC6797D}
		{7E6E8943-2068-4980-87CE-E29579D54735} = {337D3051-7E6F-4F21-B73C-FCD5FFC6797D}
		{F6A477D5-5B99-4454-9749-654D7EEC2370} = {337D3051-7E6F-4F21-B73C-FCD5FFC6797D}
		{AF6467D8-502B-40B0-AFEE-460B773167A0} = {337D3051-7E6F-4F21-B73C-FCD5FFC6797D}
		{818168CE-6CBF-445D-BD1E-7497E7CA7438} = {337D3051-7E6F-4F21-B73C-FCD5FFC6797D}
		{DE6F48D6-FC93-46CB-B196-63BA16E7515E} = {38AF93EB-6232-463D-93CE-F0BE6EFE4B9F}
		{3D670A5A-9505-4A78-97D5-50FBAC812A3B} = {38AF93EB-6232-463D-93CE-F0BE6EFE4B9F}
		{26E35A86-40FD-4C34-95B2-576917DDEB92} = {38AF93EB-6232-463D-93CE-F0BE6EFE4B9F}
	EndGlobalSection
EndGlobal
