Microsoft Visual Studio Solution File, Format Version 11.00
# Visual Studio 2010
Project("{FAE04EC0-301F-11D3-BF4B-00C04F79EFBC}") = "efTableDef", "efTableDef.csproj", "{A919EDC2-709E-4356-BF53-AC8B091087F7}"
EndProject
Global
	GlobalSection(SolutionConfigurationPlatforms) = preSolution
		Adoptionlist|Any CPU = Adoptionlist|Any CPU
		Debug|Any CPU = Debug|Any CPU
		Release|Any CPU = Release|Any CPU
	EndGlobalSection
	GlobalSection(ProjectConfigurationPlatforms) = postSolution
		{A919EDC2-709E-4356-BF53-AC8B091087F7}.Adoptionlist|Any CPU.ActiveCfg = Adoptionlist|Any CPU
		{A919EDC2-709E-4356-BF53-AC8B091087F7}.Adoptionlist|Any CPU.Build.0 = Adoptionlist|Any CPU
		{A919EDC2-709E-4356-BF53-AC8B091087F7}.Debug|Any CPU.ActiveCfg = Debug|Any CPU
		{A919EDC2-709E-4356-BF53-AC8B091087F7}.Debug|Any CPU.Build.0 = Debug|Any CPU
		{A919EDC2-709E-4356-BF53-AC8B091087F7}.Release|Any CPU.ActiveCfg = Release|Any CPU
		{A919EDC2-709E-4356-BF53-AC8B091087F7}.Release|Any CPU.Build.0 = Release|Any CPU
	EndGlobalSection
	GlobalSection(SolutionProperties) = preSolution
		HideSolutionNode = FALSE
	EndGlobalSection
EndGlobal
